// !$*UTF8*$!
{
	archiveVersion = 1;
	classes = {
	};
	objectVersion = 56;
	objects = {

/* Begin PBXBuildFile section */
		28183B7A2AAD924F000E3EB9 /* CreateTextField.swift in Sources */ = {isa = PBXBuildFile; fileRef = 28183B792AAD924F000E3EB9 /* CreateTextField.swift */; };
		28183B7C2AAD9262000E3EB9 /* CreateView.swift in Sources */ = {isa = PBXBuildFile; fileRef = 28183B7B2AAD9262000E3EB9 /* CreateView.swift */; };
		28183B7F2AAD92B6000E3EB9 /* DataManager.swift in Sources */ = {isa = PBXBuildFile; fileRef = 28183B7E2AAD92B6000E3EB9 /* DataManager.swift */; };
		28183B812AAD92D5000E3EB9 /* StorageManager.swift in Sources */ = {isa = PBXBuildFile; fileRef = 28183B802AAD92D5000E3EB9 /* StorageManager.swift */; };
		28183B832AAD933A000E3EB9 /* AlertController + Extension.swift in Sources */ = {isa = PBXBuildFile; fileRef = 28183B822AAD933A000E3EB9 /* AlertController + Extension.swift */; };
		28183B8F2AADA2D5000E3EB9 /* CreateViewPresenter.swift in Sources */ = {isa = PBXBuildFile; fileRef = 28183B8E2AADA2D5000E3EB9 /* CreateViewPresenter.swift */; };
		28183B932AADA301000E3EB9 /* CreateViewController.swift in Sources */ = {isa = PBXBuildFile; fileRef = 28183B922AADA301000E3EB9 /* CreateViewController.swift */; };
		28183B952AADA315000E3EB9 /* CreateViewProtocol.swift in Sources */ = {isa = PBXBuildFile; fileRef = 28183B942AADA315000E3EB9 /* CreateViewProtocol.swift */; };
		28183B982AADA334000E3EB9 /* AddIngredientTableViewCell.swift in Sources */ = {isa = PBXBuildFile; fileRef = 28183B972AADA334000E3EB9 /* AddIngredientTableViewCell.swift */; };
		28183B9A2AADA346000E3EB9 /* IngredientHeaderView.swift in Sources */ = {isa = PBXBuildFile; fileRef = 28183B992AADA346000E3EB9 /* IngredientHeaderView.swift */; };
		28183B9C2AADA35A000E3EB9 /* IngredientTableViewCell.swift in Sources */ = {isa = PBXBuildFile; fileRef = 28183B9B2AADA35A000E3EB9 /* IngredientTableViewCell.swift */; };
		28344DAE2A9E5519000D7554 /* UILabel + Extension.swift in Sources */ = {isa = PBXBuildFile; fileRef = 28344DAD2A9E5519000D7554 /* UILabel + Extension.swift */; };
		28344DB12A9E555D000D7554 /* SeeAllCollectionViewCell.swift in Sources */ = {isa = PBXBuildFile; fileRef = 28344DB02A9E555D000D7554 /* SeeAllCollectionViewCell.swift */; };
		28344DB32A9E5598000D7554 /* SeeAllViewController.swift in Sources */ = {isa = PBXBuildFile; fileRef = 28344DB22A9E5598000D7554 /* SeeAllViewController.swift */; };
		28344DB82A9E78F9000D7554 /* SeeAllViewProtocol.swift in Sources */ = {isa = PBXBuildFile; fileRef = 28344DB72A9E78F9000D7554 /* SeeAllViewProtocol.swift */; };
		28344DBA2A9E7907000D7554 /* SeeAllPresenterProtocol.swift in Sources */ = {isa = PBXBuildFile; fileRef = 28344DB92A9E7907000D7554 /* SeeAllPresenterProtocol.swift */; };
		28344DBE2A9E7988000D7554 /* SeeAllPresenter.swift in Sources */ = {isa = PBXBuildFile; fileRef = 28344DBD2A9E7988000D7554 /* SeeAllPresenter.swift */; };
		28344DC42A9F72B4000D7554 /* UIImage + Extension.swift in Sources */ = {isa = PBXBuildFile; fileRef = 28344DC32A9F72B4000D7554 /* UIImage + Extension.swift */; };
		283A2D5B2A9D333000A70257 /* Endpoint.swift in Sources */ = {isa = PBXBuildFile; fileRef = 283A2D5A2A9D333000A70257 /* Endpoint.swift */; };
		283A2D5D2A9D334F00A70257 /* API.swift in Sources */ = {isa = PBXBuildFile; fileRef = 283A2D5C2A9D334F00A70257 /* API.swift */; };
		283A2D5F2A9D336400A70257 /* NetworkManager.swift in Sources */ = {isa = PBXBuildFile; fileRef = 283A2D5E2A9D336400A70257 /* NetworkManager.swift */; };
		283A2D612A9D338100A70257 /* ImageManager.swift in Sources */ = {isa = PBXBuildFile; fileRef = 283A2D602A9D338100A70257 /* ImageManager.swift */; };
		283A2D642A9D33A200A70257 /* Constants.swift in Sources */ = {isa = PBXBuildFile; fileRef = 283A2D632A9D33A200A70257 /* Constants.swift */; };
		283A2D662A9D33B400A70257 /* RecipeResults.swift in Sources */ = {isa = PBXBuildFile; fileRef = 283A2D652A9D33B400A70257 /* RecipeResults.swift */; };
		283B74282AADCA8700B76491 /* README.md in Resources */ = {isa = PBXBuildFile; fileRef = 283B74272AADCA8700B76491 /* README.md */; };
		2862980A2AA7A902004690C2 /* Realm in Frameworks */ = {isa = PBXBuildFile; productRef = 286298092AA7A902004690C2 /* Realm */; };
		2862980C2AA7A902004690C2 /* RealmSwift in Frameworks */ = {isa = PBXBuildFile; productRef = 2862980B2AA7A902004690C2 /* RealmSwift */; };
		84AF912C2AA7D656007F5854 /* OnboardingViewController.swift in Sources */ = {isa = PBXBuildFile; fileRef = 84AF912B2AA7D656007F5854 /* OnboardingViewController.swift */; };
		84AF91312AA7D948007F5854 /* StartViewController.swift in Sources */ = {isa = PBXBuildFile; fileRef = 84AF91302AA7D948007F5854 /* StartViewController.swift */; };
		906107032AB46D5C00CB96BF /* Colors + Extension.swift in Sources */ = {isa = PBXBuildFile; fileRef = 906107022AB46D5C00CB96BF /* Colors + Extension.swift */; };
		90733BD52AA31CD300D65897 /* SavedRecipesPresenter.swift in Sources */ = {isa = PBXBuildFile; fileRef = 90733BD42AA31CD300D65897 /* SavedRecipesPresenter.swift */; };
		90733BD72AA31CF900D65897 /* SavedRecipesViewController.swift in Sources */ = {isa = PBXBuildFile; fileRef = 90733BD62AA31CF900D65897 /* SavedRecipesViewController.swift */; };
		90733BD92AA31D0400D65897 /* SavedRecipeCell.swift in Sources */ = {isa = PBXBuildFile; fileRef = 90733BD82AA31D0400D65897 /* SavedRecipeCell.swift */; };
		90733BDB2AA31D1300D65897 /* SavedRecipesPresenterProtocol.swift in Sources */ = {isa = PBXBuildFile; fileRef = 90733BDA2AA31D1300D65897 /* SavedRecipesPresenterProtocol.swift */; };
		90733BDD2AA31D2700D65897 /* SavedRecipesViewProtocol.swift in Sources */ = {isa = PBXBuildFile; fileRef = 90733BDC2AA31D2700D65897 /* SavedRecipesViewProtocol.swift */; };
		90D5FE6A2AA0B26F002A74B0 /* CustomNavigationController.swift in Sources */ = {isa = PBXBuildFile; fileRef = 90D5FE692AA0B26F002A74B0 /* CustomNavigationController.swift */; };
		90D5FE7E2AA0B295002A74B0 /* DetailPresenter.swift in Sources */ = {isa = PBXBuildFile; fileRef = 90D5FE742AA0B295002A74B0 /* DetailPresenter.swift */; };
		90D5FE7F2AA0B295002A74B0 /* DetailViewController.swift in Sources */ = {isa = PBXBuildFile; fileRef = 90D5FE762AA0B295002A74B0 /* DetailViewController.swift */; };
		90D5FE802AA0B295002A74B0 /* DetailPresenterProtocol.swift in Sources */ = {isa = PBXBuildFile; fileRef = 90D5FE772AA0B295002A74B0 /* DetailPresenterProtocol.swift */; };
		90D5FE812AA0B295002A74B0 /* DetailViewProtocol.swift in Sources */ = {isa = PBXBuildFile; fileRef = 90D5FE782AA0B295002A74B0 /* DetailViewProtocol.swift */; };
		90D5FE822AA0B295002A74B0 /* IngredientCell.swift in Sources */ = {isa = PBXBuildFile; fileRef = 90D5FE792AA0B295002A74B0 /* IngredientCell.swift */; };
		90D5FEA02AA1F9E7002A74B0 /* ProfileModel.swift in Sources */ = {isa = PBXBuildFile; fileRef = 90D5FE9F2AA1F9E7002A74B0 /* ProfileModel.swift */; };
		90D5FEA22AA1F9F6002A74B0 /* ProfilePresenter.swift in Sources */ = {isa = PBXBuildFile; fileRef = 90D5FEA12AA1F9F6002A74B0 /* ProfilePresenter.swift */; };
		90D5FEA62AA1FA1B002A74B0 /* ProfileViewController.swift in Sources */ = {isa = PBXBuildFile; fileRef = 90D5FEA52AA1FA1B002A74B0 /* ProfileViewController.swift */; };
		90D5FEA82AA1FA2C002A74B0 /* ProfileViewOutput.swift in Sources */ = {isa = PBXBuildFile; fileRef = 90D5FEA72AA1FA2C002A74B0 /* ProfileViewOutput.swift */; };
		90D5FEAA2AA1FA3B002A74B0 /* ProfileViewProtocol.swift in Sources */ = {isa = PBXBuildFile; fileRef = 90D5FEA92AA1FA3B002A74B0 /* ProfileViewProtocol.swift */; };
		90D5FEAC2AA1FBFC002A74B0 /* RecipeCell.swift in Sources */ = {isa = PBXBuildFile; fileRef = 90D5FEAB2AA1FBFC002A74B0 /* RecipeCell.swift */; };
		90D5FEAE2AA28332002A74B0 /* UIView + Extension.swift in Sources */ = {isa = PBXBuildFile; fileRef = 90D5FEAD2AA28332002A74B0 /* UIView + Extension.swift */; };
		E116759C2A9BF55B00C6ED88 /* UIFont + Extension.swift in Sources */ = {isa = PBXBuildFile; fileRef = E116759B2A9BF55B00C6ED88 /* UIFont + Extension.swift */; };
		E1684F992AE64CA2002AC9BD /* HomeViewController.swift in Sources */ = {isa = PBXBuildFile; fileRef = E1684F982AE64CA2002AC9BD /* HomeViewController.swift */; };
		E1684F9C2AE64D10002AC9BD /* HomeViewProtocol.swift in Sources */ = {isa = PBXBuildFile; fileRef = E1684F9B2AE64D10002AC9BD /* HomeViewProtocol.swift */; };
		E1684F9F2AE64D53002AC9BD /* HomePresenterProtocol.swift in Sources */ = {isa = PBXBuildFile; fileRef = E1684F9E2AE64D53002AC9BD /* HomePresenterProtocol.swift */; };
		E1684FA12AE64D61002AC9BD /* HomePresenter.swift in Sources */ = {isa = PBXBuildFile; fileRef = E1684FA02AE64D61002AC9BD /* HomePresenter.swift */; };
		E1684FA42AE64DF7002AC9BD /* HederSupplementaryView.swift in Sources */ = {isa = PBXBuildFile; fileRef = E1684FA32AE64DF7002AC9BD /* HederSupplementaryView.swift */; };
		E1684FA72AE64E55002AC9BD /* RandomCategoryCell.swift in Sources */ = {isa = PBXBuildFile; fileRef = E1684FA62AE64E55002AC9BD /* RandomCategoryCell.swift */; };
		E1684FAA2AE64EC8002AC9BD /* PopularCategoryCell.swift in Sources */ = {isa = PBXBuildFile; fileRef = E1684FA92AE64EC8002AC9BD /* PopularCategoryCell.swift */; };
		E1684FAC2AE64F0C002AC9BD /* TrendingCategoryCell.swift in Sources */ = {isa = PBXBuildFile; fileRef = E1684FAB2AE64F0C002AC9BD /* TrendingCategoryCell.swift */; };
		E1684FAE2AE64F90002AC9BD /* PopularRecipesCell.swift in Sources */ = {isa = PBXBuildFile; fileRef = E1684FAD2AE64F90002AC9BD /* PopularRecipesCell.swift */; };
		E1684FB02AE64FCA002AC9BD /* TeamMembersCell.swift in Sources */ = {isa = PBXBuildFile; fileRef = E1684FAF2AE64FCA002AC9BD /* TeamMembersCell.swift */; };
		E1684FB22AE661A5002AC9BD /* HomeSections.swift in Sources */ = {isa = PBXBuildFile; fileRef = E1684FB12AE661A5002AC9BD /* HomeSections.swift */; };
		E1684FB72AE7AB26002AC9BD /* ManagerSections.swift in Sources */ = {isa = PBXBuildFile; fileRef = E1684FB62AE7AB26002AC9BD /* ManagerSections.swift */; };
		E18CADFE2AD29F1600F00950 /* DetailRecipeModel.swift in Sources */ = {isa = PBXBuildFile; fileRef = E18CADFD2AD29F1600F00950 /* DetailRecipeModel.swift */; };
		E18CAE002AD3379200F00950 /* RealmMigration.swift in Sources */ = {isa = PBXBuildFile; fileRef = E18CADFF2AD3379200F00950 /* RealmMigration.swift */; };
		E1A0265D2AA9ED5D0085289E /* SearchViewCell.swift in Sources */ = {isa = PBXBuildFile; fileRef = E1A0265C2AA9ED5D0085289E /* SearchViewCell.swift */; };
		E1A026622AAB5D560085289E /* CustomAddButton.swift in Sources */ = {isa = PBXBuildFile; fileRef = E1A026612AAB5D560085289E /* CustomAddButton.swift */; };
		E1A026672AAD14370085289E /* RecipeRealmModel.swift in Sources */ = {isa = PBXBuildFile; fileRef = E1A026662AAD14370085289E /* RecipeRealmModel.swift */; };
		E1A026692AAD14490085289E /* RealmStorageManager.swift in Sources */ = {isa = PBXBuildFile; fileRef = E1A026682AAD14490085289E /* RealmStorageManager.swift */; };
		E1A0266C2AAD14770085289E /* Ext + RealmStorageManager.swift in Sources */ = {isa = PBXBuildFile; fileRef = E1A0266B2AAD14770085289E /* Ext + RealmStorageManager.swift */; };
		E1ABBEAD2A9DEFF70021E624 /* UIImage + TabBar.swift in Sources */ = {isa = PBXBuildFile; fileRef = E1ABBEAC2A9DEFF70021E624 /* UIImage + TabBar.swift */; };
		E1ABBEB62A9FE2630021E624 /* Poppins-SemiBold.ttf in Resources */ = {isa = PBXBuildFile; fileRef = E1ABBEB52A9FE2310021E624 /* Poppins-SemiBold.ttf */; };
		E1ABBEB82AA059EE0021E624 /* CustomButton.swift in Sources */ = {isa = PBXBuildFile; fileRef = E1ABBEB72AA059EE0021E624 /* CustomButton.swift */; };
		E1BBF7CF2ADFB5E3001FDF44 /* Routers.swift in Sources */ = {isa = PBXBuildFile; fileRef = E1BBF7CE2ADFB5E3001FDF44 /* Routers.swift */; };
		E1BBF7D32AE258D9001FDF44 /* Poppins-Bold.ttf in Resources */ = {isa = PBXBuildFile; fileRef = E1BBF7D22AE258AD001FDF44 /* Poppins-Bold.ttf */; };
		E1BBF7D42AE258DC001FDF44 /* Poppins-Regular.ttf in Resources */ = {isa = PBXBuildFile; fileRef = E1BBF7D12AE258A8001FDF44 /* Poppins-Regular.ttf */; };
		E1C978E72A9B5A09003BDC4A /* AppDelegate.swift in Sources */ = {isa = PBXBuildFile; fileRef = E1C978E62A9B5A09003BDC4A /* AppDelegate.swift */; };
		E1C978E92A9B5A09003BDC4A /* SceneDelegate.swift in Sources */ = {isa = PBXBuildFile; fileRef = E1C978E82A9B5A09003BDC4A /* SceneDelegate.swift */; };
		E1C978F02A9B5A09003BDC4A /* Assets.xcassets in Resources */ = {isa = PBXBuildFile; fileRef = E1C978EF2A9B5A09003BDC4A /* Assets.xcassets */; };
		E1C978F32A9B5A09003BDC4A /* LaunchScreen.storyboard in Resources */ = {isa = PBXBuildFile; fileRef = E1C978F12A9B5A09003BDC4A /* LaunchScreen.storyboard */; };
		E1C978FF2A9B7274003BDC4A /* SnapKit in Frameworks */ = {isa = PBXBuildFile; productRef = E1C978FE2A9B7274003BDC4A /* SnapKit */; };
		E1C979072A9B83CC003BDC4A /* Kingfisher in Frameworks */ = {isa = PBXBuildFile; productRef = E1C979062A9B83CC003BDC4A /* Kingfisher */; };
		E1D1FDDF2AB7B07D00396F84 /* CreateRecipePresenterProtocol.swift in Sources */ = {isa = PBXBuildFile; fileRef = E1D1FDDE2AB7B07D00396F84 /* CreateRecipePresenterProtocol.swift */; };
		E1E240C72AA3A8F1003803E5 /* CustomTabBarController.swift in Sources */ = {isa = PBXBuildFile; fileRef = E1E240C62AA3A8F1003803E5 /* CustomTabBarController.swift */; };
		E1ED06862ABB86A20046C466 /* SearchViewController.swift in Sources */ = {isa = PBXBuildFile; fileRef = E1ED06852ABB86A20046C466 /* SearchViewController.swift */; };
		E1ED06942ABB88B90046C466 /* SearchPresenter.swift in Sources */ = {isa = PBXBuildFile; fileRef = E1ED06932ABB88B90046C466 /* SearchPresenter.swift */; };
		E1ED06972ABB88DA0046C466 /* SearchPresenterProtocol.swift in Sources */ = {isa = PBXBuildFile; fileRef = E1ED06962ABB88DA0046C466 /* SearchPresenterProtocol.swift */; };
		E1ED069A2ABB891A0046C466 /* SearchViewProtocol.swift in Sources */ = {isa = PBXBuildFile; fileRef = E1ED06992ABB891A0046C466 /* SearchViewProtocol.swift */; };
		E1ED069C2AC5DC490046C466 /* AssemblyBuilderProtocol.swift in Sources */ = {isa = PBXBuildFile; fileRef = E1ED069B2AC5DC490046C466 /* AssemblyBuilderProtocol.swift */; };
		E1ED069F2AC5DC7C0046C466 /* AssemblyBuilder.swift in Sources */ = {isa = PBXBuildFile; fileRef = E1ED069E2AC5DC7C0046C466 /* AssemblyBuilder.swift */; };
		E1ED06A12AC5DEDB0046C466 /* RouterProtocol.swift in Sources */ = {isa = PBXBuildFile; fileRef = E1ED06A02AC5DEDB0046C466 /* RouterProtocol.swift */; };
		E223A8452A9DB990007E8C0E /* UIImage + Ext.swift in Sources */ = {isa = PBXBuildFile; fileRef = E223A8442A9DB990007E8C0E /* UIImage + Ext.swift */; };
		E223A8492A9E1E23007E8C0E /* UITableViewCell + Ext.swift in Sources */ = {isa = PBXBuildFile; fileRef = E223A8482A9E1E23007E8C0E /* UITableViewCell + Ext.swift */; };
		E298099A2A9BA977002121A5 /* ReuseIdentifierProtocol.swift in Sources */ = {isa = PBXBuildFile; fileRef = E29809992A9BA977002121A5 /* ReuseIdentifierProtocol.swift */; };
		E298099C2A9BA98A002121A5 /* UICollectionViewCell + Ext.swift in Sources */ = {isa = PBXBuildFile; fileRef = E298099B2A9BA98A002121A5 /* UICollectionViewCell + Ext.swift */; };
/* End PBXBuildFile section */

/* Begin PBXFileReference section */
		28183B792AAD924F000E3EB9 /* CreateTextField.swift */ = {isa = PBXFileReference; lastKnownFileType = sourcecode.swift; path = CreateTextField.swift; sourceTree = "<group>"; };
		28183B7B2AAD9262000E3EB9 /* CreateView.swift */ = {isa = PBXFileReference; lastKnownFileType = sourcecode.swift; path = CreateView.swift; sourceTree = "<group>"; };
		28183B7E2AAD92B6000E3EB9 /* DataManager.swift */ = {isa = PBXFileReference; lastKnownFileType = sourcecode.swift; path = DataManager.swift; sourceTree = "<group>"; };
		28183B802AAD92D5000E3EB9 /* StorageManager.swift */ = {isa = PBXFileReference; lastKnownFileType = sourcecode.swift; path = StorageManager.swift; sourceTree = "<group>"; };
		28183B822AAD933A000E3EB9 /* AlertController + Extension.swift */ = {isa = PBXFileReference; lastKnownFileType = sourcecode.swift; path = "AlertController + Extension.swift"; sourceTree = "<group>"; };
		28183B8E2AADA2D5000E3EB9 /* CreateViewPresenter.swift */ = {isa = PBXFileReference; lastKnownFileType = sourcecode.swift; path = CreateViewPresenter.swift; sourceTree = "<group>"; };
		28183B922AADA301000E3EB9 /* CreateViewController.swift */ = {isa = PBXFileReference; lastKnownFileType = sourcecode.swift; path = CreateViewController.swift; sourceTree = "<group>"; };
		28183B942AADA315000E3EB9 /* CreateViewProtocol.swift */ = {isa = PBXFileReference; lastKnownFileType = sourcecode.swift; path = CreateViewProtocol.swift; sourceTree = "<group>"; };
		28183B972AADA334000E3EB9 /* AddIngredientTableViewCell.swift */ = {isa = PBXFileReference; lastKnownFileType = sourcecode.swift; path = AddIngredientTableViewCell.swift; sourceTree = "<group>"; };
		28183B992AADA346000E3EB9 /* IngredientHeaderView.swift */ = {isa = PBXFileReference; lastKnownFileType = sourcecode.swift; path = IngredientHeaderView.swift; sourceTree = "<group>"; };
		28183B9B2AADA35A000E3EB9 /* IngredientTableViewCell.swift */ = {isa = PBXFileReference; lastKnownFileType = sourcecode.swift; path = IngredientTableViewCell.swift; sourceTree = "<group>"; };
		28344DAD2A9E5519000D7554 /* UILabel + Extension.swift */ = {isa = PBXFileReference; lastKnownFileType = sourcecode.swift; path = "UILabel + Extension.swift"; sourceTree = "<group>"; };
		28344DB02A9E555D000D7554 /* SeeAllCollectionViewCell.swift */ = {isa = PBXFileReference; lastKnownFileType = sourcecode.swift; path = SeeAllCollectionViewCell.swift; sourceTree = "<group>"; };
		28344DB22A9E5598000D7554 /* SeeAllViewController.swift */ = {isa = PBXFileReference; lastKnownFileType = sourcecode.swift; path = SeeAllViewController.swift; sourceTree = "<group>"; };
		28344DB72A9E78F9000D7554 /* SeeAllViewProtocol.swift */ = {isa = PBXFileReference; lastKnownFileType = sourcecode.swift; path = SeeAllViewProtocol.swift; sourceTree = "<group>"; };
		28344DB92A9E7907000D7554 /* SeeAllPresenterProtocol.swift */ = {isa = PBXFileReference; lastKnownFileType = sourcecode.swift; path = SeeAllPresenterProtocol.swift; sourceTree = "<group>"; };
		28344DBD2A9E7988000D7554 /* SeeAllPresenter.swift */ = {isa = PBXFileReference; lastKnownFileType = sourcecode.swift; path = SeeAllPresenter.swift; sourceTree = "<group>"; };
		28344DC32A9F72B4000D7554 /* UIImage + Extension.swift */ = {isa = PBXFileReference; lastKnownFileType = sourcecode.swift; path = "UIImage + Extension.swift"; sourceTree = "<group>"; };
		283A2D5A2A9D333000A70257 /* Endpoint.swift */ = {isa = PBXFileReference; lastKnownFileType = sourcecode.swift; path = Endpoint.swift; sourceTree = "<group>"; };
		283A2D5C2A9D334F00A70257 /* API.swift */ = {isa = PBXFileReference; lastKnownFileType = sourcecode.swift; path = API.swift; sourceTree = "<group>"; };
		283A2D5E2A9D336400A70257 /* NetworkManager.swift */ = {isa = PBXFileReference; lastKnownFileType = sourcecode.swift; path = NetworkManager.swift; sourceTree = "<group>"; };
		283A2D602A9D338100A70257 /* ImageManager.swift */ = {isa = PBXFileReference; lastKnownFileType = sourcecode.swift; path = ImageManager.swift; sourceTree = "<group>"; };
		283A2D632A9D33A200A70257 /* Constants.swift */ = {isa = PBXFileReference; lastKnownFileType = sourcecode.swift; path = Constants.swift; sourceTree = "<group>"; };
		283A2D652A9D33B400A70257 /* RecipeResults.swift */ = {isa = PBXFileReference; lastKnownFileType = sourcecode.swift; path = RecipeResults.swift; sourceTree = "<group>"; };
		283B74272AADCA8700B76491 /* README.md */ = {isa = PBXFileReference; lastKnownFileType = net.daringfireball.markdown; path = README.md; sourceTree = "<group>"; };
		84AF912B2AA7D656007F5854 /* OnboardingViewController.swift */ = {isa = PBXFileReference; lastKnownFileType = sourcecode.swift; path = OnboardingViewController.swift; sourceTree = "<group>"; };
		84AF91302AA7D948007F5854 /* StartViewController.swift */ = {isa = PBXFileReference; lastKnownFileType = sourcecode.swift; path = StartViewController.swift; sourceTree = "<group>"; };
		906107022AB46D5C00CB96BF /* Colors + Extension.swift */ = {isa = PBXFileReference; lastKnownFileType = sourcecode.swift; path = "Colors + Extension.swift"; sourceTree = "<group>"; };
		90733BD42AA31CD300D65897 /* SavedRecipesPresenter.swift */ = {isa = PBXFileReference; lastKnownFileType = sourcecode.swift; path = SavedRecipesPresenter.swift; sourceTree = "<group>"; };
		90733BD62AA31CF900D65897 /* SavedRecipesViewController.swift */ = {isa = PBXFileReference; lastKnownFileType = sourcecode.swift; path = SavedRecipesViewController.swift; sourceTree = "<group>"; };
		90733BD82AA31D0400D65897 /* SavedRecipeCell.swift */ = {isa = PBXFileReference; lastKnownFileType = sourcecode.swift; path = SavedRecipeCell.swift; sourceTree = "<group>"; };
		90733BDA2AA31D1300D65897 /* SavedRecipesPresenterProtocol.swift */ = {isa = PBXFileReference; lastKnownFileType = sourcecode.swift; path = SavedRecipesPresenterProtocol.swift; sourceTree = "<group>"; };
		90733BDC2AA31D2700D65897 /* SavedRecipesViewProtocol.swift */ = {isa = PBXFileReference; lastKnownFileType = sourcecode.swift; path = SavedRecipesViewProtocol.swift; sourceTree = "<group>"; };
		90D5FE692AA0B26F002A74B0 /* CustomNavigationController.swift */ = {isa = PBXFileReference; fileEncoding = 4; lastKnownFileType = sourcecode.swift; path = CustomNavigationController.swift; sourceTree = "<group>"; };
		90D5FE742AA0B295002A74B0 /* DetailPresenter.swift */ = {isa = PBXFileReference; fileEncoding = 4; lastKnownFileType = sourcecode.swift; path = DetailPresenter.swift; sourceTree = "<group>"; };
		90D5FE762AA0B295002A74B0 /* DetailViewController.swift */ = {isa = PBXFileReference; fileEncoding = 4; lastKnownFileType = sourcecode.swift; path = DetailViewController.swift; sourceTree = "<group>"; };
		90D5FE772AA0B295002A74B0 /* DetailPresenterProtocol.swift */ = {isa = PBXFileReference; fileEncoding = 4; lastKnownFileType = sourcecode.swift; path = DetailPresenterProtocol.swift; sourceTree = "<group>"; };
		90D5FE782AA0B295002A74B0 /* DetailViewProtocol.swift */ = {isa = PBXFileReference; fileEncoding = 4; lastKnownFileType = sourcecode.swift; path = DetailViewProtocol.swift; sourceTree = "<group>"; };
		90D5FE792AA0B295002A74B0 /* IngredientCell.swift */ = {isa = PBXFileReference; fileEncoding = 4; lastKnownFileType = sourcecode.swift; path = IngredientCell.swift; sourceTree = "<group>"; };
		90D5FE9F2AA1F9E7002A74B0 /* ProfileModel.swift */ = {isa = PBXFileReference; lastKnownFileType = sourcecode.swift; path = ProfileModel.swift; sourceTree = "<group>"; };
		90D5FEA12AA1F9F6002A74B0 /* ProfilePresenter.swift */ = {isa = PBXFileReference; lastKnownFileType = sourcecode.swift; path = ProfilePresenter.swift; sourceTree = "<group>"; };
		90D5FEA52AA1FA1B002A74B0 /* ProfileViewController.swift */ = {isa = PBXFileReference; lastKnownFileType = sourcecode.swift; path = ProfileViewController.swift; sourceTree = "<group>"; };
		90D5FEA72AA1FA2C002A74B0 /* ProfileViewOutput.swift */ = {isa = PBXFileReference; lastKnownFileType = sourcecode.swift; path = ProfileViewOutput.swift; sourceTree = "<group>"; };
		90D5FEA92AA1FA3B002A74B0 /* ProfileViewProtocol.swift */ = {isa = PBXFileReference; lastKnownFileType = sourcecode.swift; path = ProfileViewProtocol.swift; sourceTree = "<group>"; };
		90D5FEAB2AA1FBFC002A74B0 /* RecipeCell.swift */ = {isa = PBXFileReference; lastKnownFileType = sourcecode.swift; path = RecipeCell.swift; sourceTree = "<group>"; };
		90D5FEAD2AA28332002A74B0 /* UIView + Extension.swift */ = {isa = PBXFileReference; lastKnownFileType = sourcecode.swift; path = "UIView + Extension.swift"; sourceTree = "<group>"; };
		E116759B2A9BF55B00C6ED88 /* UIFont + Extension.swift */ = {isa = PBXFileReference; fileEncoding = 4; lastKnownFileType = sourcecode.swift; path = "UIFont + Extension.swift"; sourceTree = "<group>"; };
		E1684F982AE64CA2002AC9BD /* HomeViewController.swift */ = {isa = PBXFileReference; lastKnownFileType = sourcecode.swift; path = HomeViewController.swift; sourceTree = "<group>"; };
		E1684F9B2AE64D10002AC9BD /* HomeViewProtocol.swift */ = {isa = PBXFileReference; lastKnownFileType = sourcecode.swift; path = HomeViewProtocol.swift; sourceTree = "<group>"; };
		E1684F9E2AE64D53002AC9BD /* HomePresenterProtocol.swift */ = {isa = PBXFileReference; lastKnownFileType = sourcecode.swift; path = HomePresenterProtocol.swift; sourceTree = "<group>"; };
		E1684FA02AE64D61002AC9BD /* HomePresenter.swift */ = {isa = PBXFileReference; lastKnownFileType = sourcecode.swift; path = HomePresenter.swift; sourceTree = "<group>"; };
		E1684FA32AE64DF7002AC9BD /* HederSupplementaryView.swift */ = {isa = PBXFileReference; lastKnownFileType = sourcecode.swift; path = HederSupplementaryView.swift; sourceTree = "<group>"; };
		E1684FA62AE64E55002AC9BD /* RandomCategoryCell.swift */ = {isa = PBXFileReference; lastKnownFileType = sourcecode.swift; path = RandomCategoryCell.swift; sourceTree = "<group>"; };
		E1684FA92AE64EC8002AC9BD /* PopularCategoryCell.swift */ = {isa = PBXFileReference; lastKnownFileType = sourcecode.swift; path = PopularCategoryCell.swift; sourceTree = "<group>"; };
		E1684FAB2AE64F0C002AC9BD /* TrendingCategoryCell.swift */ = {isa = PBXFileReference; lastKnownFileType = sourcecode.swift; path = TrendingCategoryCell.swift; sourceTree = "<group>"; };
		E1684FAD2AE64F90002AC9BD /* PopularRecipesCell.swift */ = {isa = PBXFileReference; lastKnownFileType = sourcecode.swift; path = PopularRecipesCell.swift; sourceTree = "<group>"; };
		E1684FAF2AE64FCA002AC9BD /* TeamMembersCell.swift */ = {isa = PBXFileReference; lastKnownFileType = sourcecode.swift; path = TeamMembersCell.swift; sourceTree = "<group>"; };
		E1684FB12AE661A5002AC9BD /* HomeSections.swift */ = {isa = PBXFileReference; lastKnownFileType = sourcecode.swift; path = HomeSections.swift; sourceTree = "<group>"; };
		E1684FB62AE7AB26002AC9BD /* ManagerSections.swift */ = {isa = PBXFileReference; lastKnownFileType = sourcecode.swift; path = ManagerSections.swift; sourceTree = "<group>"; };
		E18CADFD2AD29F1600F00950 /* DetailRecipeModel.swift */ = {isa = PBXFileReference; lastKnownFileType = sourcecode.swift; path = DetailRecipeModel.swift; sourceTree = "<group>"; };
		E18CADFF2AD3379200F00950 /* RealmMigration.swift */ = {isa = PBXFileReference; lastKnownFileType = sourcecode.swift; path = RealmMigration.swift; sourceTree = "<group>"; };
		E1A0265C2AA9ED5D0085289E /* SearchViewCell.swift */ = {isa = PBXFileReference; lastKnownFileType = sourcecode.swift; path = SearchViewCell.swift; sourceTree = "<group>"; };
		E1A026612AAB5D560085289E /* CustomAddButton.swift */ = {isa = PBXFileReference; lastKnownFileType = sourcecode.swift; path = CustomAddButton.swift; sourceTree = "<group>"; };
		E1A026662AAD14370085289E /* RecipeRealmModel.swift */ = {isa = PBXFileReference; lastKnownFileType = sourcecode.swift; path = RecipeRealmModel.swift; sourceTree = "<group>"; };
		E1A026682AAD14490085289E /* RealmStorageManager.swift */ = {isa = PBXFileReference; lastKnownFileType = sourcecode.swift; path = RealmStorageManager.swift; sourceTree = "<group>"; };
		E1A0266B2AAD14770085289E /* Ext + RealmStorageManager.swift */ = {isa = PBXFileReference; lastKnownFileType = sourcecode.swift; path = "Ext + RealmStorageManager.swift"; sourceTree = "<group>"; };
		E1ABBEAC2A9DEFF70021E624 /* UIImage + TabBar.swift */ = {isa = PBXFileReference; lastKnownFileType = sourcecode.swift; path = "UIImage + TabBar.swift"; sourceTree = "<group>"; };
		E1ABBEB52A9FE2310021E624 /* Poppins-SemiBold.ttf */ = {isa = PBXFileReference; lastKnownFileType = file; path = "Poppins-SemiBold.ttf"; sourceTree = "<group>"; };
		E1ABBEB72AA059EE0021E624 /* CustomButton.swift */ = {isa = PBXFileReference; fileEncoding = 4; lastKnownFileType = sourcecode.swift; path = CustomButton.swift; sourceTree = "<group>"; };
		E1BBF7CE2ADFB5E3001FDF44 /* Routers.swift */ = {isa = PBXFileReference; lastKnownFileType = sourcecode.swift; path = Routers.swift; sourceTree = "<group>"; };
		E1BBF7D12AE258A8001FDF44 /* Poppins-Regular.ttf */ = {isa = PBXFileReference; lastKnownFileType = file; path = "Poppins-Regular.ttf"; sourceTree = "<group>"; };
		E1BBF7D22AE258AD001FDF44 /* Poppins-Bold.ttf */ = {isa = PBXFileReference; lastKnownFileType = file; path = "Poppins-Bold.ttf"; sourceTree = "<group>"; };
		E1C978E32A9B5A09003BDC4A /* BestRecipesNo8.app */ = {isa = PBXFileReference; explicitFileType = wrapper.application; includeInIndex = 0; path = BestRecipesNo8.app; sourceTree = BUILT_PRODUCTS_DIR; };
		E1C978E62A9B5A09003BDC4A /* AppDelegate.swift */ = {isa = PBXFileReference; lastKnownFileType = sourcecode.swift; path = AppDelegate.swift; sourceTree = "<group>"; };
		E1C978E82A9B5A09003BDC4A /* SceneDelegate.swift */ = {isa = PBXFileReference; lastKnownFileType = sourcecode.swift; path = SceneDelegate.swift; sourceTree = "<group>"; };
		E1C978EF2A9B5A09003BDC4A /* Assets.xcassets */ = {isa = PBXFileReference; lastKnownFileType = folder.assetcatalog; path = Assets.xcassets; sourceTree = "<group>"; };
		E1C978F22A9B5A09003BDC4A /* Base */ = {isa = PBXFileReference; lastKnownFileType = file.storyboard; name = Base; path = Base.lproj/LaunchScreen.storyboard; sourceTree = "<group>"; };
		E1C978F42A9B5A09003BDC4A /* Info.plist */ = {isa = PBXFileReference; lastKnownFileType = text.plist.xml; path = Info.plist; sourceTree = "<group>"; };
		E1D1FDDE2AB7B07D00396F84 /* CreateRecipePresenterProtocol.swift */ = {isa = PBXFileReference; lastKnownFileType = sourcecode.swift; path = CreateRecipePresenterProtocol.swift; sourceTree = "<group>"; };
		E1E240C62AA3A8F1003803E5 /* CustomTabBarController.swift */ = {isa = PBXFileReference; lastKnownFileType = sourcecode.swift; path = CustomTabBarController.swift; sourceTree = "<group>"; };
		E1ED06852ABB86A20046C466 /* SearchViewController.swift */ = {isa = PBXFileReference; lastKnownFileType = sourcecode.swift; path = SearchViewController.swift; sourceTree = "<group>"; };
		E1ED06932ABB88B90046C466 /* SearchPresenter.swift */ = {isa = PBXFileReference; lastKnownFileType = sourcecode.swift; path = SearchPresenter.swift; sourceTree = "<group>"; };
		E1ED06962ABB88DA0046C466 /* SearchPresenterProtocol.swift */ = {isa = PBXFileReference; lastKnownFileType = sourcecode.swift; path = SearchPresenterProtocol.swift; sourceTree = "<group>"; };
		E1ED06992ABB891A0046C466 /* SearchViewProtocol.swift */ = {isa = PBXFileReference; lastKnownFileType = sourcecode.swift; path = SearchViewProtocol.swift; sourceTree = "<group>"; };
		E1ED069B2AC5DC490046C466 /* AssemblyBuilderProtocol.swift */ = {isa = PBXFileReference; lastKnownFileType = sourcecode.swift; path = AssemblyBuilderProtocol.swift; sourceTree = "<group>"; };
		E1ED069E2AC5DC7C0046C466 /* AssemblyBuilder.swift */ = {isa = PBXFileReference; lastKnownFileType = sourcecode.swift; path = AssemblyBuilder.swift; sourceTree = "<group>"; };
		E1ED06A02AC5DEDB0046C466 /* RouterProtocol.swift */ = {isa = PBXFileReference; lastKnownFileType = sourcecode.swift; path = RouterProtocol.swift; sourceTree = "<group>"; };
		E223A8442A9DB990007E8C0E /* UIImage + Ext.swift */ = {isa = PBXFileReference; lastKnownFileType = sourcecode.swift; path = "UIImage + Ext.swift"; sourceTree = "<group>"; };
		E223A8482A9E1E23007E8C0E /* UITableViewCell + Ext.swift */ = {isa = PBXFileReference; lastKnownFileType = sourcecode.swift; path = "UITableViewCell + Ext.swift"; sourceTree = "<group>"; };
		E29809992A9BA977002121A5 /* ReuseIdentifierProtocol.swift */ = {isa = PBXFileReference; lastKnownFileType = sourcecode.swift; path = ReuseIdentifierProtocol.swift; sourceTree = "<group>"; };
		E298099B2A9BA98A002121A5 /* UICollectionViewCell + Ext.swift */ = {isa = PBXFileReference; lastKnownFileType = sourcecode.swift; path = "UICollectionViewCell + Ext.swift"; sourceTree = "<group>"; };
/* End PBXFileReference section */

/* Begin PBXFrameworksBuildPhase section */
		E1C978E02A9B5A09003BDC4A /* Frameworks */ = {
			isa = PBXFrameworksBuildPhase;
			buildActionMask = 2147483647;
			files = (
				2862980C2AA7A902004690C2 /* RealmSwift in Frameworks */,
				2862980A2AA7A902004690C2 /* Realm in Frameworks */,
				E1C979072A9B83CC003BDC4A /* Kingfisher in Frameworks */,
				E1C978FF2A9B7274003BDC4A /* SnapKit in Frameworks */,
			);
			runOnlyForDeploymentPostprocessing = 0;
		};
/* End PBXFrameworksBuildPhase section */

/* Begin PBXGroup section */
		28183B7D2AAD92A2000E3EB9 /* StorageManager */ = {
			isa = PBXGroup;
			children = (
				E1A026662AAD14370085289E /* RecipeRealmModel.swift */,
				E1A026682AAD14490085289E /* RealmStorageManager.swift */,
				E1A0266B2AAD14770085289E /* Ext + RealmStorageManager.swift */,
				28183B7E2AAD92B6000E3EB9 /* DataManager.swift */,
				28183B802AAD92D5000E3EB9 /* StorageManager.swift */,
				E18CADFF2AD3379200F00950 /* RealmMigration.swift */,
			);
			path = StorageManager;
			sourceTree = "<group>";
		};
		28183B842AADA261000E3EB9 /* CreateModule */ = {
			isa = PBXGroup;
			children = (
				28183B882AADA28F000E3EB9 /* Models */,
				28183B872AADA286000E3EB9 /* Presenters */,
				28183B852AADA27C000E3EB9 /* Views */,
			);
			path = CreateModule;
			sourceTree = "<group>";
		};
		28183B852AADA27C000E3EB9 /* Views */ = {
			isa = PBXGroup;
			children = (
				28183B962AADA324000E3EB9 /* Cells */,
				28183B942AADA315000E3EB9 /* CreateViewProtocol.swift */,
				28183B922AADA301000E3EB9 /* CreateViewController.swift */,
			);
			path = Views;
			sourceTree = "<group>";
		};
		28183B872AADA286000E3EB9 /* Presenters */ = {
			isa = PBXGroup;
			children = (
				E1D1FDDE2AB7B07D00396F84 /* CreateRecipePresenterProtocol.swift */,
				28183B8E2AADA2D5000E3EB9 /* CreateViewPresenter.swift */,
			);
			path = Presenters;
			sourceTree = "<group>";
		};
		28183B882AADA28F000E3EB9 /* Models */ = {
			isa = PBXGroup;
			children = (
			);
			path = Models;
			sourceTree = "<group>";
		};
		28183B962AADA324000E3EB9 /* Cells */ = {
			isa = PBXGroup;
			children = (
				28183B972AADA334000E3EB9 /* AddIngredientTableViewCell.swift */,
				28183B992AADA346000E3EB9 /* IngredientHeaderView.swift */,
				28183B9B2AADA35A000E3EB9 /* IngredientTableViewCell.swift */,
			);
			path = Cells;
			sourceTree = "<group>";
		};
		28344DA82A9E54A9000D7554 /* SeeAllModule */ = {
			isa = PBXGroup;
			children = (
				28344DAC2A9E54E4000D7554 /* Views */,
				28344DAA2A9E54D5000D7554 /* Presenters */,
			);
			path = SeeAllModule;
			sourceTree = "<group>";
		};
		28344DAA2A9E54D5000D7554 /* Presenters */ = {
			isa = PBXGroup;
			children = (
				28344DB92A9E7907000D7554 /* SeeAllPresenterProtocol.swift */,
				28344DBD2A9E7988000D7554 /* SeeAllPresenter.swift */,
			);
			path = Presenters;
			sourceTree = "<group>";
		};
		28344DAC2A9E54E4000D7554 /* Views */ = {
			isa = PBXGroup;
			children = (
				28344DAF2A9E554F000D7554 /* Cells */,
				28344DB22A9E5598000D7554 /* SeeAllViewController.swift */,
				28344DB72A9E78F9000D7554 /* SeeAllViewProtocol.swift */,
			);
			path = Views;
			sourceTree = "<group>";
		};
		28344DAF2A9E554F000D7554 /* Cells */ = {
			isa = PBXGroup;
			children = (
				28344DB02A9E555D000D7554 /* SeeAllCollectionViewCell.swift */,
			);
			path = Cells;
			sourceTree = "<group>";
		};
		283A2D592A9D330F00A70257 /* NetworkManager */ = {
			isa = PBXGroup;
			children = (
				283A2D5A2A9D333000A70257 /* Endpoint.swift */,
				283A2D5E2A9D336400A70257 /* NetworkManager.swift */,
				283A2D5C2A9D334F00A70257 /* API.swift */,
				283A2D602A9D338100A70257 /* ImageManager.swift */,
			);
			path = NetworkManager;
			sourceTree = "<group>";
		};
		283A2D622A9D338F00A70257 /* Models */ = {
			isa = PBXGroup;
			children = (
				283A2D632A9D33A200A70257 /* Constants.swift */,
				283A2D652A9D33B400A70257 /* RecipeResults.swift */,
			);
			path = Models;
			sourceTree = "<group>";
		};
		84AF912A2AA7D617007F5854 /* OnboardingVC */ = {
			isa = PBXGroup;
			children = (
				84AF91302AA7D948007F5854 /* StartViewController.swift */,
				84AF912B2AA7D656007F5854 /* OnboardingViewController.swift */,
			);
			path = OnboardingVC;
			sourceTree = "<group>";
		};
		90733BC62AA31BCB00D65897 /* SavedRecipesModule */ = {
			isa = PBXGroup;
			children = (
				90733BCA2AA31BED00D65897 /* Presenters */,
				90733BCB2AA31BF300D65897 /* Views */,
			);
			path = SavedRecipesModule;
			sourceTree = "<group>";
		};
		90733BCA2AA31BED00D65897 /* Presenters */ = {
			isa = PBXGroup;
			children = (
				90733BDA2AA31D1300D65897 /* SavedRecipesPresenterProtocol.swift */,
				90733BD42AA31CD300D65897 /* SavedRecipesPresenter.swift */,
			);
			path = Presenters;
			sourceTree = "<group>";
		};
		90733BCB2AA31BF300D65897 /* Views */ = {
			isa = PBXGroup;
			children = (
				E1D1FDDD2AB7AFF900396F84 /* SavedRecipeCells */,
				90733BDC2AA31D2700D65897 /* SavedRecipesViewProtocol.swift */,
				90733BD62AA31CF900D65897 /* SavedRecipesViewController.swift */,
			);
			path = Views;
			sourceTree = "<group>";
		};
		90D5FE6B2AA0B295002A74B0 /* RecipeDetailModule */ = {
			isa = PBXGroup;
			children = (
				E18CADFC2AD29EE800F00950 /* Models */,
				90D5FE732AA0B295002A74B0 /* Presenters */,
				90D5FE752AA0B295002A74B0 /* Views */,
			);
			path = RecipeDetailModule;
			sourceTree = "<group>";
		};
		90D5FE732AA0B295002A74B0 /* Presenters */ = {
			isa = PBXGroup;
			children = (
				90D5FE772AA0B295002A74B0 /* DetailPresenterProtocol.swift */,
				90D5FE742AA0B295002A74B0 /* DetailPresenter.swift */,
			);
			path = Presenters;
			sourceTree = "<group>";
		};
		90D5FE752AA0B295002A74B0 /* Views */ = {
			isa = PBXGroup;
			children = (
				E1D1FDDC2AB7AF3800396F84 /* RecipeCells */,
				90D5FE762AA0B295002A74B0 /* DetailViewController.swift */,
				90D5FE782AA0B295002A74B0 /* DetailViewProtocol.swift */,
			);
			path = Views;
			sourceTree = "<group>";
		};
		90D5FE952AA1F93B002A74B0 /* ProfileModule */ = {
			isa = PBXGroup;
			children = (
				90D5FE9A2AA1F971002A74B0 /* Views */,
				90D5FE992AA1F966002A74B0 /* Presenters */,
				90D5FE982AA1F961002A74B0 /* Models */,
			);
			path = ProfileModule;
			sourceTree = "<group>";
		};
		90D5FE982AA1F961002A74B0 /* Models */ = {
			isa = PBXGroup;
			children = (
				90D5FE9F2AA1F9E7002A74B0 /* ProfileModel.swift */,
			);
			path = Models;
			sourceTree = "<group>";
		};
		90D5FE992AA1F966002A74B0 /* Presenters */ = {
			isa = PBXGroup;
			children = (
				90D5FEA72AA1FA2C002A74B0 /* ProfileViewOutput.swift */,
				90D5FEA12AA1F9F6002A74B0 /* ProfilePresenter.swift */,
			);
			path = Presenters;
			sourceTree = "<group>";
		};
		90D5FE9A2AA1F971002A74B0 /* Views */ = {
			isa = PBXGroup;
			children = (
				E1D1FDE02AB7B3AF00396F84 /* RecipeCells */,
				90D5FEA92AA1FA3B002A74B0 /* ProfileViewProtocol.swift */,
				90D5FEA52AA1FA1B002A74B0 /* ProfileViewController.swift */,
			);
			path = Views;
			sourceTree = "<group>";
		};
		E116755F2A9BBAEF00C6ED88 /* Extensions */ = {
			isa = PBXGroup;
			children = (
				E1ABBEAE2A9E09570021E624 /* CustomUI */,
				E29809992A9BA977002121A5 /* ReuseIdentifierProtocol.swift */,
				E298099B2A9BA98A002121A5 /* UICollectionViewCell + Ext.swift */,
				E223A8482A9E1E23007E8C0E /* UITableViewCell + Ext.swift */,
				906107022AB46D5C00CB96BF /* Colors + Extension.swift */,
				E116759B2A9BF55B00C6ED88 /* UIFont + Extension.swift */,
				E223A8442A9DB990007E8C0E /* UIImage + Ext.swift */,
				28344DAD2A9E5519000D7554 /* UILabel + Extension.swift */,
				28344DC32A9F72B4000D7554 /* UIImage + Extension.swift */,
				90D5FEAD2AA28332002A74B0 /* UIView + Extension.swift */,
				28183B822AAD933A000E3EB9 /* AlertController + Extension.swift */,
			);
			path = Extensions;
			sourceTree = "<group>";
		};
		E116759F2A9BF58600C6ED88 /* Fonts */ = {
			isa = PBXGroup;
			children = (
				E1BBF7D12AE258A8001FDF44 /* Poppins-Regular.ttf */,
				E1ABBEB52A9FE2310021E624 /* Poppins-SemiBold.ttf */,
				E1BBF7D22AE258AD001FDF44 /* Poppins-Bold.ttf */,
			);
			path = Fonts;
			sourceTree = "<group>";
		};
		E11675A02A9BF59B00C6ED88 /* Resources */ = {
			isa = PBXGroup;
			children = (
				E116759F2A9BF58600C6ED88 /* Fonts */,
				E1C978EF2A9B5A09003BDC4A /* Assets.xcassets */,
			);
			path = Resources;
			sourceTree = "<group>";
		};
		E1684F9A2AE64CA8002AC9BD /* HomeModule */ = {
			isa = PBXGroup;
			children = (
				E1684FB32AE6624C002AC9BD /* Models */,
				E1684FA22AE64D67002AC9BD /* Presenters */,
				E1684F9D2AE64D3C002AC9BD /* Views */,
			);
			path = HomeModule;
			sourceTree = "<group>";
		};
		E1684F9D2AE64D3C002AC9BD /* Views */ = {
			isa = PBXGroup;
			children = (
				E1684F982AE64CA2002AC9BD /* HomeViewController.swift */,
				E1684F9B2AE64D10002AC9BD /* HomeViewProtocol.swift */,
				E1684FA52AE64E15002AC9BD /* Heders */,
				E1684FA82AE64EAA002AC9BD /* Cells */,
			);
			path = Views;
			sourceTree = "<group>";
		};
		E1684FA22AE64D67002AC9BD /* Presenters */ = {
			isa = PBXGroup;
			children = (
				E1684F9E2AE64D53002AC9BD /* HomePresenterProtocol.swift */,
				E1684FA02AE64D61002AC9BD /* HomePresenter.swift */,
			);
			path = Presenters;
			sourceTree = "<group>";
		};
		E1684FA52AE64E15002AC9BD /* Heders */ = {
			isa = PBXGroup;
			children = (
				E1684FA32AE64DF7002AC9BD /* HederSupplementaryView.swift */,
			);
			path = Heders;
			sourceTree = "<group>";
		};
		E1684FA82AE64EAA002AC9BD /* Cells */ = {
			isa = PBXGroup;
			children = (
				E1684FA62AE64E55002AC9BD /* RandomCategoryCell.swift */,
				E1684FA92AE64EC8002AC9BD /* PopularCategoryCell.swift */,
				E1684FAB2AE64F0C002AC9BD /* TrendingCategoryCell.swift */,
				E1684FAD2AE64F90002AC9BD /* PopularRecipesCell.swift */,
				E1684FAF2AE64FCA002AC9BD /* TeamMembersCell.swift */,
			);
			path = Cells;
			sourceTree = "<group>";
		};
		E1684FB32AE6624C002AC9BD /* Models */ = {
			isa = PBXGroup;
			children = (
				E1684FB12AE661A5002AC9BD /* HomeSections.swift */,
				E1684FB62AE7AB26002AC9BD /* ManagerSections.swift */,
			);
			path = Models;
			sourceTree = "<group>";
		};
		E18CADFC2AD29EE800F00950 /* Models */ = {
			isa = PBXGroup;
			children = (
				E18CADFD2AD29F1600F00950 /* DetailRecipeModel.swift */,
			);
			path = Models;
			sourceTree = "<group>";
		};
		E1A0265B2AA9ED3E0085289E /* SearchViewCells */ = {
			isa = PBXGroup;
			children = (
				E1A0265C2AA9ED5D0085289E /* SearchViewCell.swift */,
			);
			path = SearchViewCells;
			sourceTree = "<group>";
		};
		E1ABBEAE2A9E09570021E624 /* CustomUI */ = {
			isa = PBXGroup;
			children = (
				E1ABBEB72AA059EE0021E624 /* CustomButton.swift */,
				90D5FE692AA0B26F002A74B0 /* CustomNavigationController.swift */,
				E1A026612AAB5D560085289E /* CustomAddButton.swift */,
				28183B792AAD924F000E3EB9 /* CreateTextField.swift */,
				28183B7B2AAD9262000E3EB9 /* CreateView.swift */,
			);
			path = CustomUI;
			sourceTree = "<group>";
		};
		E1C978DA2A9B5A09003BDC4A = {
			isa = PBXGroup;
			children = (
				283B74272AADCA8700B76491 /* README.md */,
				E1C978E52A9B5A09003BDC4A /* BestRecipesNo8 */,
				E1C978E42A9B5A09003BDC4A /* Products */,
			);
			sourceTree = "<group>";
		};
		E1C978E42A9B5A09003BDC4A /* Products */ = {
			isa = PBXGroup;
			children = (
				E1C978E32A9B5A09003BDC4A /* BestRecipesNo8.app */,
			);
			name = Products;
			sourceTree = "<group>";
		};
		E1C978E52A9B5A09003BDC4A /* BestRecipesNo8 */ = {
			isa = PBXGroup;
			children = (
				E1ED069D2AC5DC520046C466 /* AssemblyBuilders */,
				E1FA8C0C2ACB5C410003DA61 /* Managers */,
				E1C979042A9B7EC9003BDC4A /* Modules */,
				283A2D622A9D338F00A70257 /* Models */,
				E116755F2A9BBAEF00C6ED88 /* Extensions */,
				E1C978FA2A9B5AC2003BDC4A /* App */,
				E11675A02A9BF59B00C6ED88 /* Resources */,
				E1C978F12A9B5A09003BDC4A /* LaunchScreen.storyboard */,
				E1C978F42A9B5A09003BDC4A /* Info.plist */,
			);
			path = BestRecipesNo8;
			sourceTree = "<group>";
		};
		E1C978FA2A9B5AC2003BDC4A /* App */ = {
			isa = PBXGroup;
			children = (
				E1C978E62A9B5A09003BDC4A /* AppDelegate.swift */,
				E1C978E82A9B5A09003BDC4A /* SceneDelegate.swift */,
			);
			path = App;
			sourceTree = "<group>";
		};
		E1C979042A9B7EC9003BDC4A /* Modules */ = {
			isa = PBXGroup;
			children = (
				E1FA8C0B2AC8CF650003DA61 /* NavigationModule */,
				84AF912A2AA7D617007F5854 /* OnboardingVC */,
				E1684F9A2AE64CA8002AC9BD /* HomeModule */,
				E1ED06872ABB86A80046C466 /* SearchModule */,
				28344DA82A9E54A9000D7554 /* SeeAllModule */,
				90D5FE6B2AA0B295002A74B0 /* RecipeDetailModule */,
				90733BC62AA31BCB00D65897 /* SavedRecipesModule */,
				90D5FE952AA1F93B002A74B0 /* ProfileModule */,
				28183B842AADA261000E3EB9 /* CreateModule */,
			);
			path = Modules;
			sourceTree = "<group>";
		};
		E1D1FDDC2AB7AF3800396F84 /* RecipeCells */ = {
			isa = PBXGroup;
			children = (
				90D5FE792AA0B295002A74B0 /* IngredientCell.swift */,
			);
			path = RecipeCells;
			sourceTree = "<group>";
		};
		E1D1FDDD2AB7AFF900396F84 /* SavedRecipeCells */ = {
			isa = PBXGroup;
			children = (
				90733BD82AA31D0400D65897 /* SavedRecipeCell.swift */,
			);
			path = SavedRecipeCells;
			sourceTree = "<group>";
		};
		E1D1FDE02AB7B3AF00396F84 /* RecipeCells */ = {
			isa = PBXGroup;
			children = (
				90D5FEAB2AA1FBFC002A74B0 /* RecipeCell.swift */,
			);
			path = RecipeCells;
			sourceTree = "<group>";
		};
		E1ED06872ABB86A80046C466 /* SearchModule */ = {
			isa = PBXGroup;
			children = (
				E1ED06952ABB88BC0046C466 /* Presenters */,
				E1ED06982ABB88EB0046C466 /* Views */,
			);
			path = SearchModule;
			sourceTree = "<group>";
		};
		E1ED06952ABB88BC0046C466 /* Presenters */ = {
			isa = PBXGroup;
			children = (
				E1ED06962ABB88DA0046C466 /* SearchPresenterProtocol.swift */,
				E1ED06932ABB88B90046C466 /* SearchPresenter.swift */,
			);
			path = Presenters;
			sourceTree = "<group>";
		};
		E1ED06982ABB88EB0046C466 /* Views */ = {
			isa = PBXGroup;
			children = (
				E1A0265B2AA9ED3E0085289E /* SearchViewCells */,
				E1ED06852ABB86A20046C466 /* SearchViewController.swift */,
				E1ED06992ABB891A0046C466 /* SearchViewProtocol.swift */,
			);
			path = Views;
			sourceTree = "<group>";
		};
		E1ED069D2AC5DC520046C466 /* AssemblyBuilders */ = {
			isa = PBXGroup;
			children = (
				E1ED069B2AC5DC490046C466 /* AssemblyBuilderProtocol.swift */,
				E1ED069E2AC5DC7C0046C466 /* AssemblyBuilder.swift */,
			);
			path = AssemblyBuilders;
			sourceTree = "<group>";
		};
		E1ED06A22AC5DEE10046C466 /* Routers */ = {
			isa = PBXGroup;
			children = (
				E1BBF7CE2ADFB5E3001FDF44 /* Routers.swift */,
				E1ED06A02AC5DEDB0046C466 /* RouterProtocol.swift */,
			);
			path = Routers;
			sourceTree = "<group>";
		};
		E1FA8C0B2AC8CF650003DA61 /* NavigationModule */ = {
			isa = PBXGroup;
			children = (
				E1ED06A22AC5DEE10046C466 /* Routers */,
				E1E240C62AA3A8F1003803E5 /* CustomTabBarController.swift */,
				E1ABBEAC2A9DEFF70021E624 /* UIImage + TabBar.swift */,
			);
			path = NavigationModule;
			sourceTree = "<group>";
		};
		E1FA8C0C2ACB5C410003DA61 /* Managers */ = {
			isa = PBXGroup;
			children = (
				283A2D592A9D330F00A70257 /* NetworkManager */,
				28183B7D2AAD92A2000E3EB9 /* StorageManager */,
			);
			path = Managers;
			sourceTree = "<group>";
		};
/* End PBXGroup section */

/* Begin PBXNativeTarget section */
		E1C978E22A9B5A09003BDC4A /* BestRecipesNo8 */ = {
			isa = PBXNativeTarget;
			buildConfigurationList = E1C978F72A9B5A09003BDC4A /* Build configuration list for PBXNativeTarget "BestRecipesNo8" */;
			buildPhases = (
				E1C978DF2A9B5A09003BDC4A /* Sources */,
				E1C978E02A9B5A09003BDC4A /* Frameworks */,
				E1C978E12A9B5A09003BDC4A /* Resources */,
			);
			buildRules = (
			);
			dependencies = (
			);
			name = BestRecipesNo8;
			packageProductDependencies = (
				E1C978FE2A9B7274003BDC4A /* SnapKit */,
				E1C979062A9B83CC003BDC4A /* Kingfisher */,
				286298092AA7A902004690C2 /* Realm */,
				2862980B2AA7A902004690C2 /* RealmSwift */,
			);
			productName = BestRecipesNo8;
			productReference = E1C978E32A9B5A09003BDC4A /* BestRecipesNo8.app */;
			productType = "com.apple.product-type.application";
		};
/* End PBXNativeTarget section */

/* Begin PBXProject section */
		E1C978DB2A9B5A09003BDC4A /* Project object */ = {
			isa = PBXProject;
			attributes = {
				BuildIndependentTargetsInParallel = 1;
				LastSwiftUpdateCheck = 1430;
				LastUpgradeCheck = 1430;
				TargetAttributes = {
					E1C978E22A9B5A09003BDC4A = {
						CreatedOnToolsVersion = 14.3;
					};
				};
			};
			buildConfigurationList = E1C978DE2A9B5A09003BDC4A /* Build configuration list for PBXProject "BestRecipesNo8" */;
			compatibilityVersion = "Xcode 14.0";
			developmentRegion = en;
			hasScannedForEncodings = 0;
			knownRegions = (
				en,
				Base,
			);
			mainGroup = E1C978DA2A9B5A09003BDC4A;
			packageReferences = (
				E1C978FD2A9B7274003BDC4A /* XCRemoteSwiftPackageReference "SnapKit" */,
				E1C979052A9B83CC003BDC4A /* XCRemoteSwiftPackageReference "Kingfisher" */,
				286298082AA7A902004690C2 /* XCRemoteSwiftPackageReference "realm-swift" */,
			);
			productRefGroup = E1C978E42A9B5A09003BDC4A /* Products */;
			projectDirPath = "";
			projectRoot = "";
			targets = (
				E1C978E22A9B5A09003BDC4A /* BestRecipesNo8 */,
			);
		};
/* End PBXProject section */

/* Begin PBXResourcesBuildPhase section */
		E1C978E12A9B5A09003BDC4A /* Resources */ = {
			isa = PBXResourcesBuildPhase;
			buildActionMask = 2147483647;
			files = (
				E1ABBEB62A9FE2630021E624 /* Poppins-SemiBold.ttf in Resources */,
				E1C978F32A9B5A09003BDC4A /* LaunchScreen.storyboard in Resources */,
				E1BBF7D32AE258D9001FDF44 /* Poppins-Bold.ttf in Resources */,
				E1BBF7D42AE258DC001FDF44 /* Poppins-Regular.ttf in Resources */,
				E1C978F02A9B5A09003BDC4A /* Assets.xcassets in Resources */,
				283B74282AADCA8700B76491 /* README.md in Resources */,
			);
			runOnlyForDeploymentPostprocessing = 0;
		};
/* End PBXResourcesBuildPhase section */

/* Begin PBXSourcesBuildPhase section */
		E1C978DF2A9B5A09003BDC4A /* Sources */ = {
			isa = PBXSourcesBuildPhase;
			buildActionMask = 2147483647;
			files = (
				E223A8452A9DB990007E8C0E /* UIImage + Ext.swift in Sources */,
				E1BBF7CF2ADFB5E3001FDF44 /* Routers.swift in Sources */,
				E1A026692AAD14490085289E /* RealmStorageManager.swift in Sources */,
				E1684FA12AE64D61002AC9BD /* HomePresenter.swift in Sources */,
				E298099C2A9BA98A002121A5 /* UICollectionViewCell + Ext.swift in Sources */,
				906107032AB46D5C00CB96BF /* Colors + Extension.swift in Sources */,
				E223A8492A9E1E23007E8C0E /* UITableViewCell + Ext.swift in Sources */,
				28183B9A2AADA346000E3EB9 /* IngredientHeaderView.swift in Sources */,
				28183B932AADA301000E3EB9 /* CreateViewController.swift in Sources */,
				E298099A2A9BA977002121A5 /* ReuseIdentifierProtocol.swift in Sources */,
				283A2D5F2A9D336400A70257 /* NetworkManager.swift in Sources */,
				84AF912C2AA7D656007F5854 /* OnboardingViewController.swift in Sources */,
				E1ABBEAD2A9DEFF70021E624 /* UIImage + TabBar.swift in Sources */,
				E1684F992AE64CA2002AC9BD /* HomeViewController.swift in Sources */,
				28183B9C2AADA35A000E3EB9 /* IngredientTableViewCell.swift in Sources */,
				E1684FAC2AE64F0C002AC9BD /* TrendingCategoryCell.swift in Sources */,
				E1D1FDDF2AB7B07D00396F84 /* CreateRecipePresenterProtocol.swift in Sources */,
				90733BD92AA31D0400D65897 /* SavedRecipeCell.swift in Sources */,
				E1C978E72A9B5A09003BDC4A /* AppDelegate.swift in Sources */,
				E1E240C72AA3A8F1003803E5 /* CustomTabBarController.swift in Sources */,
				90733BDD2AA31D2700D65897 /* SavedRecipesViewProtocol.swift in Sources */,
				90D5FEA22AA1F9F6002A74B0 /* ProfilePresenter.swift in Sources */,
				90D5FE7F2AA0B295002A74B0 /* DetailViewController.swift in Sources */,
				90D5FE812AA0B295002A74B0 /* DetailViewProtocol.swift in Sources */,
				28344DAE2A9E5519000D7554 /* UILabel + Extension.swift in Sources */,
				90D5FEA82AA1FA2C002A74B0 /* ProfileViewOutput.swift in Sources */,
				283A2D642A9D33A200A70257 /* Constants.swift in Sources */,
				28344DB32A9E5598000D7554 /* SeeAllViewController.swift in Sources */,
				90D5FE6A2AA0B26F002A74B0 /* CustomNavigationController.swift in Sources */,
				28183B832AAD933A000E3EB9 /* AlertController + Extension.swift in Sources */,
				90D5FEA02AA1F9E7002A74B0 /* ProfileModel.swift in Sources */,
				28183B7F2AAD92B6000E3EB9 /* DataManager.swift in Sources */,
				E18CAE002AD3379200F00950 /* RealmMigration.swift in Sources */,
				E18CADFE2AD29F1600F00950 /* DetailRecipeModel.swift in Sources */,
				90D5FE7E2AA0B295002A74B0 /* DetailPresenter.swift in Sources */,
				90733BDB2AA31D1300D65897 /* SavedRecipesPresenterProtocol.swift in Sources */,
				283A2D612A9D338100A70257 /* ImageManager.swift in Sources */,
				84AF91312AA7D948007F5854 /* StartViewController.swift in Sources */,
				E1C978E92A9B5A09003BDC4A /* SceneDelegate.swift in Sources */,
				E1684FAA2AE64EC8002AC9BD /* PopularCategoryCell.swift in Sources */,
				E1684FAE2AE64F90002AC9BD /* PopularRecipesCell.swift in Sources */,
				E1684FB72AE7AB26002AC9BD /* ManagerSections.swift in Sources */,
				E1A026622AAB5D560085289E /* CustomAddButton.swift in Sources */,
				E1ABBEB82AA059EE0021E624 /* CustomButton.swift in Sources */,
				90D5FE822AA0B295002A74B0 /* IngredientCell.swift in Sources */,
				E1ED06862ABB86A20046C466 /* SearchViewController.swift in Sources */,
				E1684FB02AE64FCA002AC9BD /* TeamMembersCell.swift in Sources */,
				28183B812AAD92D5000E3EB9 /* StorageManager.swift in Sources */,
				E1A026672AAD14370085289E /* RecipeRealmModel.swift in Sources */,
				28183B952AADA315000E3EB9 /* CreateViewProtocol.swift in Sources */,
				E1ED06942ABB88B90046C466 /* SearchPresenter.swift in Sources */,
				E116759C2A9BF55B00C6ED88 /* UIFont + Extension.swift in Sources */,
				283A2D5B2A9D333000A70257 /* Endpoint.swift in Sources */,
				283A2D5D2A9D334F00A70257 /* API.swift in Sources */,
				90D5FEA62AA1FA1B002A74B0 /* ProfileViewController.swift in Sources */,
				90733BD72AA31CF900D65897 /* SavedRecipesViewController.swift in Sources */,
				28344DB82A9E78F9000D7554 /* SeeAllViewProtocol.swift in Sources */,
				283A2D662A9D33B400A70257 /* RecipeResults.swift in Sources */,
				E1A0266C2AAD14770085289E /* Ext + RealmStorageManager.swift in Sources */,
				E1684FA72AE64E55002AC9BD /* RandomCategoryCell.swift in Sources */,
				E1684F9F2AE64D53002AC9BD /* HomePresenterProtocol.swift in Sources */,
				90D5FEAA2AA1FA3B002A74B0 /* ProfileViewProtocol.swift in Sources */,
				E1A0265D2AA9ED5D0085289E /* SearchViewCell.swift in Sources */,
				28183B7C2AAD9262000E3EB9 /* CreateView.swift in Sources */,
				28344DBE2A9E7988000D7554 /* SeeAllPresenter.swift in Sources */,
				28183B982AADA334000E3EB9 /* AddIngredientTableViewCell.swift in Sources */,
				28183B7A2AAD924F000E3EB9 /* CreateTextField.swift in Sources */,
				90D5FEAE2AA28332002A74B0 /* UIView + Extension.swift in Sources */,
				28344DB12A9E555D000D7554 /* SeeAllCollectionViewCell.swift in Sources */,
				90D5FEAC2AA1FBFC002A74B0 /* RecipeCell.swift in Sources */,
				28344DC42A9F72B4000D7554 /* UIImage + Extension.swift in Sources */,
				E1684FA42AE64DF7002AC9BD /* HederSupplementaryView.swift in Sources */,
				28183B8F2AADA2D5000E3EB9 /* CreateViewPresenter.swift in Sources */,
				E1ED06A12AC5DEDB0046C466 /* RouterProtocol.swift in Sources */,
				28344DBA2A9E7907000D7554 /* SeeAllPresenterProtocol.swift in Sources */,
				E1ED069A2ABB891A0046C466 /* SearchViewProtocol.swift in Sources */,
				E1ED069F2AC5DC7C0046C466 /* AssemblyBuilder.swift in Sources */,
				90D5FE802AA0B295002A74B0 /* DetailPresenterProtocol.swift in Sources */,
				90733BD52AA31CD300D65897 /* SavedRecipesPresenter.swift in Sources */,
				E1ED06972ABB88DA0046C466 /* SearchPresenterProtocol.swift in Sources */,
				E1684F9C2AE64D10002AC9BD /* HomeViewProtocol.swift in Sources */,
				E1684FB22AE661A5002AC9BD /* HomeSections.swift in Sources */,
				E1ED069C2AC5DC490046C466 /* AssemblyBuilderProtocol.swift in Sources */,
			);
			runOnlyForDeploymentPostprocessing = 0;
		};
/* End PBXSourcesBuildPhase section */

/* Begin PBXVariantGroup section */
		E1C978F12A9B5A09003BDC4A /* LaunchScreen.storyboard */ = {
			isa = PBXVariantGroup;
			children = (
				E1C978F22A9B5A09003BDC4A /* Base */,
			);
			name = LaunchScreen.storyboard;
			sourceTree = "<group>";
		};
/* End PBXVariantGroup section */

/* Begin XCBuildConfiguration section */
		E1C978F52A9B5A09003BDC4A /* Debug */ = {
			isa = XCBuildConfiguration;
			buildSettings = {
				ALWAYS_SEARCH_USER_PATHS = NO;
				CLANG_ANALYZER_NONNULL = YES;
				CLANG_ANALYZER_NUMBER_OBJECT_CONVERSION = YES_AGGRESSIVE;
				CLANG_CXX_LANGUAGE_STANDARD = "gnu++20";
				CLANG_ENABLE_MODULES = YES;
				CLANG_ENABLE_OBJC_ARC = YES;
				CLANG_ENABLE_OBJC_WEAK = YES;
				CLANG_WARN_BLOCK_CAPTURE_AUTORELEASING = YES;
				CLANG_WARN_BOOL_CONVERSION = YES;
				CLANG_WARN_COMMA = YES;
				CLANG_WARN_CONSTANT_CONVERSION = YES;
				CLANG_WARN_DEPRECATED_OBJC_IMPLEMENTATIONS = YES;
				CLANG_WARN_DIRECT_OBJC_ISA_USAGE = YES_ERROR;
				CLANG_WARN_DOCUMENTATION_COMMENTS = YES;
				CLANG_WARN_EMPTY_BODY = YES;
				CLANG_WARN_ENUM_CONVERSION = YES;
				CLANG_WARN_INFINITE_RECURSION = YES;
				CLANG_WARN_INT_CONVERSION = YES;
				CLANG_WARN_NON_LITERAL_NULL_CONVERSION = YES;
				CLANG_WARN_OBJC_IMPLICIT_RETAIN_SELF = YES;
				CLANG_WARN_OBJC_LITERAL_CONVERSION = YES;
				CLANG_WARN_OBJC_ROOT_CLASS = YES_ERROR;
				CLANG_WARN_QUOTED_INCLUDE_IN_FRAMEWORK_HEADER = YES;
				CLANG_WARN_RANGE_LOOP_ANALYSIS = YES;
				CLANG_WARN_STRICT_PROTOTYPES = YES;
				CLANG_WARN_SUSPICIOUS_MOVE = YES;
				CLANG_WARN_UNGUARDED_AVAILABILITY = YES_AGGRESSIVE;
				CLANG_WARN_UNREACHABLE_CODE = YES;
				CLANG_WARN__DUPLICATE_METHOD_MATCH = YES;
				COPY_PHASE_STRIP = NO;
				DEBUG_INFORMATION_FORMAT = dwarf;
				ENABLE_STRICT_OBJC_MSGSEND = YES;
				ENABLE_TESTABILITY = YES;
				GCC_C_LANGUAGE_STANDARD = gnu11;
				GCC_DYNAMIC_NO_PIC = NO;
				GCC_NO_COMMON_BLOCKS = YES;
				GCC_OPTIMIZATION_LEVEL = 0;
				GCC_PREPROCESSOR_DEFINITIONS = (
					"DEBUG=1",
					"$(inherited)",
				);
				GCC_WARN_64_TO_32_BIT_CONVERSION = YES;
				GCC_WARN_ABOUT_RETURN_TYPE = YES_ERROR;
				GCC_WARN_UNDECLARED_SELECTOR = YES;
				GCC_WARN_UNINITIALIZED_AUTOS = YES_AGGRESSIVE;
				GCC_WARN_UNUSED_FUNCTION = YES;
				GCC_WARN_UNUSED_VARIABLE = YES;
				IPHONEOS_DEPLOYMENT_TARGET = 15.0;
				MTL_ENABLE_DEBUG_INFO = INCLUDE_SOURCE;
				MTL_FAST_MATH = YES;
				ONLY_ACTIVE_ARCH = YES;
				SDKROOT = iphoneos;
				SWIFT_ACTIVE_COMPILATION_CONDITIONS = DEBUG;
				SWIFT_OPTIMIZATION_LEVEL = "-Onone";
			};
			name = Debug;
		};
		E1C978F62A9B5A09003BDC4A /* Release */ = {
			isa = XCBuildConfiguration;
			buildSettings = {
				ALWAYS_SEARCH_USER_PATHS = NO;
				CLANG_ANALYZER_NONNULL = YES;
				CLANG_ANALYZER_NUMBER_OBJECT_CONVERSION = YES_AGGRESSIVE;
				CLANG_CXX_LANGUAGE_STANDARD = "gnu++20";
				CLANG_ENABLE_MODULES = YES;
				CLANG_ENABLE_OBJC_ARC = YES;
				CLANG_ENABLE_OBJC_WEAK = YES;
				CLANG_WARN_BLOCK_CAPTURE_AUTORELEASING = YES;
				CLANG_WARN_BOOL_CONVERSION = YES;
				CLANG_WARN_COMMA = YES;
				CLANG_WARN_CONSTANT_CONVERSION = YES;
				CLANG_WARN_DEPRECATED_OBJC_IMPLEMENTATIONS = YES;
				CLANG_WARN_DIRECT_OBJC_ISA_USAGE = YES_ERROR;
				CLANG_WARN_DOCUMENTATION_COMMENTS = YES;
				CLANG_WARN_EMPTY_BODY = YES;
				CLANG_WARN_ENUM_CONVERSION = YES;
				CLANG_WARN_INFINITE_RECURSION = YES;
				CLANG_WARN_INT_CONVERSION = YES;
				CLANG_WARN_NON_LITERAL_NULL_CONVERSION = YES;
				CLANG_WARN_OBJC_IMPLICIT_RETAIN_SELF = YES;
				CLANG_WARN_OBJC_LITERAL_CONVERSION = YES;
				CLANG_WARN_OBJC_ROOT_CLASS = YES_ERROR;
				CLANG_WARN_QUOTED_INCLUDE_IN_FRAMEWORK_HEADER = YES;
				CLANG_WARN_RANGE_LOOP_ANALYSIS = YES;
				CLANG_WARN_STRICT_PROTOTYPES = YES;
				CLANG_WARN_SUSPICIOUS_MOVE = YES;
				CLANG_WARN_UNGUARDED_AVAILABILITY = YES_AGGRESSIVE;
				CLANG_WARN_UNREACHABLE_CODE = YES;
				CLANG_WARN__DUPLICATE_METHOD_MATCH = YES;
				COPY_PHASE_STRIP = NO;
				DEBUG_INFORMATION_FORMAT = "dwarf-with-dsym";
				ENABLE_NS_ASSERTIONS = NO;
				ENABLE_STRICT_OBJC_MSGSEND = YES;
				GCC_C_LANGUAGE_STANDARD = gnu11;
				GCC_NO_COMMON_BLOCKS = YES;
				GCC_WARN_64_TO_32_BIT_CONVERSION = YES;
				GCC_WARN_ABOUT_RETURN_TYPE = YES_ERROR;
				GCC_WARN_UNDECLARED_SELECTOR = YES;
				GCC_WARN_UNINITIALIZED_AUTOS = YES_AGGRESSIVE;
				GCC_WARN_UNUSED_FUNCTION = YES;
				GCC_WARN_UNUSED_VARIABLE = YES;
				IPHONEOS_DEPLOYMENT_TARGET = 15.0;
				MTL_ENABLE_DEBUG_INFO = NO;
				MTL_FAST_MATH = YES;
				SDKROOT = iphoneos;
				SWIFT_COMPILATION_MODE = wholemodule;
				SWIFT_OPTIMIZATION_LEVEL = "-O";
				VALIDATE_PRODUCT = YES;
			};
			name = Release;
		};
		E1C978F82A9B5A09003BDC4A /* Debug */ = {
			isa = XCBuildConfiguration;
			buildSettings = {
				ASSETCATALOG_COMPILER_APPICON_NAME = AppIcon;
				ASSETCATALOG_COMPILER_GLOBAL_ACCENT_COLOR_NAME = AccentColor;
				CODE_SIGN_STYLE = Automatic;
				CURRENT_PROJECT_VERSION = 1;
				DEVELOPMENT_TEAM = KYB528F2CP;
				GENERATE_INFOPLIST_FILE = YES;
				INFOPLIST_FILE = BestRecipesNo8/Info.plist;
				INFOPLIST_KEY_UIApplicationSupportsIndirectInputEvents = YES;
				INFOPLIST_KEY_UILaunchStoryboardName = LaunchScreen;
				INFOPLIST_KEY_UISupportedInterfaceOrientations = UIInterfaceOrientationPortrait;
				IPHONEOS_DEPLOYMENT_TARGET = 15.0;
				LD_RUNPATH_SEARCH_PATHS = (
					"$(inherited)",
					"@executable_path/Frameworks",
				);
				MARKETING_VERSION = 1.0;
				PRODUCT_BUNDLE_IDENTIFIER = keller.BestRecipesNo8;
				PRODUCT_NAME = "$(TARGET_NAME)";
				SUPPORTED_PLATFORMS = "iphoneos iphonesimulator";
				SUPPORTS_MACCATALYST = NO;
				SUPPORTS_MAC_DESIGNED_FOR_IPHONE_IPAD = NO;
				SWIFT_EMIT_LOC_STRINGS = YES;
				SWIFT_VERSION = 5.0;
				TARGETED_DEVICE_FAMILY = 1;
			};
			name = Debug;
		};
		E1C978F92A9B5A09003BDC4A /* Release */ = {
			isa = XCBuildConfiguration;
			buildSettings = {
				ASSETCATALOG_COMPILER_APPICON_NAME = AppIcon;
				ASSETCATALOG_COMPILER_GLOBAL_ACCENT_COLOR_NAME = AccentColor;
				CODE_SIGN_STYLE = Automatic;
				CURRENT_PROJECT_VERSION = 1;
				DEVELOPMENT_TEAM = KYB528F2CP;
				GENERATE_INFOPLIST_FILE = YES;
				INFOPLIST_FILE = BestRecipesNo8/Info.plist;
				INFOPLIST_KEY_UIApplicationSupportsIndirectInputEvents = YES;
				INFOPLIST_KEY_UILaunchStoryboardName = LaunchScreen;
				INFOPLIST_KEY_UISupportedInterfaceOrientations = UIInterfaceOrientationPortrait;
				IPHONEOS_DEPLOYMENT_TARGET = 15.0;
				LD_RUNPATH_SEARCH_PATHS = (
					"$(inherited)",
					"@executable_path/Frameworks",
				);
				MARKETING_VERSION = 1.0;
				PRODUCT_BUNDLE_IDENTIFIER = keller.BestRecipesNo8;
				PRODUCT_NAME = "$(TARGET_NAME)";
				SUPPORTED_PLATFORMS = "iphoneos iphonesimulator";
				SUPPORTS_MACCATALYST = NO;
				SUPPORTS_MAC_DESIGNED_FOR_IPHONE_IPAD = NO;
				SWIFT_EMIT_LOC_STRINGS = YES;
				SWIFT_VERSION = 5.0;
				TARGETED_DEVICE_FAMILY = 1;
			};
			name = Release;
		};
/* End XCBuildConfiguration section */

/* Begin XCConfigurationList section */
		E1C978DE2A9B5A09003BDC4A /* Build configuration list for PBXProject "BestRecipesNo8" */ = {
			isa = XCConfigurationList;
			buildConfigurations = (
				E1C978F52A9B5A09003BDC4A /* Debug */,
				E1C978F62A9B5A09003BDC4A /* Release */,
			);
			defaultConfigurationIsVisible = 0;
			defaultConfigurationName = Release;
		};
		E1C978F72A9B5A09003BDC4A /* Build configuration list for PBXNativeTarget "BestRecipesNo8" */ = {
			isa = XCConfigurationList;
			buildConfigurations = (
				E1C978F82A9B5A09003BDC4A /* Debug */,
				E1C978F92A9B5A09003BDC4A /* Release */,
			);
			defaultConfigurationIsVisible = 0;
			defaultConfigurationName = Release;
		};
/* End XCConfigurationList section */

/* Begin XCRemoteSwiftPackageReference section */
		286298082AA7A902004690C2 /* XCRemoteSwiftPackageReference "realm-swift" */ = {
			isa = XCRemoteSwiftPackageReference;
			repositoryURL = "https://github.com/realm/realm-swift.git";
			requirement = {
				branch = master;
				kind = branch;
			};
		};
		E1C978FD2A9B7274003BDC4A /* XCRemoteSwiftPackageReference "SnapKit" */ = {
			isa = XCRemoteSwiftPackageReference;
			repositoryURL = "https://github.com/SnapKit/SnapKit";
			requirement = {
				kind = upToNextMajorVersion;
				minimumVersion = 5.0.0;
			};
		};
		E1C979052A9B83CC003BDC4A /* XCRemoteSwiftPackageReference "Kingfisher" */ = {
			isa = XCRemoteSwiftPackageReference;
			repositoryURL = "https://github.com/onevcat/Kingfisher";
			requirement = {
				kind = upToNextMajorVersion;
				minimumVersion = 7.0.0;
			};
		};
/* End XCRemoteSwiftPackageReference section */

/* Begin XCSwiftPackageProductDependency section */
		286298092AA7A902004690C2 /* Realm */ = {
			isa = XCSwiftPackageProductDependency;
			package = 286298082AA7A902004690C2 /* XCRemoteSwiftPackageReference "realm-swift" */;
			productName = Realm;
		};
		2862980B2AA7A902004690C2 /* RealmSwift */ = {
			isa = XCSwiftPackageProductDependency;
			package = 286298082AA7A902004690C2 /* XCRemoteSwiftPackageReference "realm-swift" */;
			productName = RealmSwift;
		};
		E1C978FE2A9B7274003BDC4A /* SnapKit */ = {
			isa = XCSwiftPackageProductDependency;
			package = E1C978FD2A9B7274003BDC4A /* XCRemoteSwiftPackageReference "SnapKit" */;
			productName = SnapKit;
		};
		E1C979062A9B83CC003BDC4A /* Kingfisher */ = {
			isa = XCSwiftPackageProductDependency;
			package = E1C979052A9B83CC003BDC4A /* XCRemoteSwiftPackageReference "Kingfisher" */;
			productName = Kingfisher;
		};
/* End XCSwiftPackageProductDependency section */
	};
	rootObject = E1C978DB2A9B5A09003BDC4A /* Project object */;
}
