// !$*UTF8*$!
{
	archiveVersion = 1;
	classes = {
	};
	objectVersion = 56;
	objects = {

/* Begin PBXBuildFile section */
		E1C978E72A9B5A09003BDC4A /* AppDelegate.swift in Sources */ = {isa = PBXBuildFile; fileRef = E1C978E62A9B5A09003BDC4A /* AppDelegate.swift */; };
		E1C978E92A9B5A09003BDC4A /* SceneDelegate.swift in Sources */ = {isa = PBXBuildFile; fileRef = E1C978E82A9B5A09003BDC4A /* SceneDelegate.swift */; };
		E1C978EB2A9B5A09003BDC4A /* OnboardingViewController.swift in Sources */ = {isa = PBXBuildFile; fileRef = E1C978EA2A9B5A09003BDC4A /* OnboardingViewController.swift */; };
		E1C978F02A9B5A09003BDC4A /* Assets.xcassets in Resources */ = {isa = PBXBuildFile; fileRef = E1C978EF2A9B5A09003BDC4A /* Assets.xcassets */; };
		E1C978F32A9B5A09003BDC4A /* LaunchScreen.storyboard in Resources */ = {isa = PBXBuildFile; fileRef = E1C978F12A9B5A09003BDC4A /* LaunchScreen.storyboard */; };
		E1C978FF2A9B7274003BDC4A /* SnapKit in Frameworks */ = {isa = PBXBuildFile; productRef = E1C978FE2A9B7274003BDC4A /* SnapKit */; };
		E1C979072A9B83CC003BDC4A /* Kingfisher in Frameworks */ = {isa = PBXBuildFile; productRef = E1C979062A9B83CC003BDC4A /* Kingfisher */; };
		E29809972A9BA068002121A5 /* MainScreenViewController.swift in Sources */ = {isa = PBXBuildFile; fileRef = E29809962A9BA068002121A5 /* MainScreenViewController.swift */; };
		E298099A2A9BA977002121A5 /* ReuseIdentifierProtocol.swift in Sources */ = {isa = PBXBuildFile; fileRef = E29809992A9BA977002121A5 /* ReuseIdentifierProtocol.swift */; };
		E298099C2A9BA98A002121A5 /* UICollectionViewCell + Ext.swift in Sources */ = {isa = PBXBuildFile; fileRef = E298099B2A9BA98A002121A5 /* UICollectionViewCell + Ext.swift */; };
/* End PBXBuildFile section */

/* Begin PBXFileReference section */
		E1C978E32A9B5A09003BDC4A /* BestRecipesNo8.app */ = {isa = PBXFileReference; explicitFileType = wrapper.application; includeInIndex = 0; path = BestRecipesNo8.app; sourceTree = BUILT_PRODUCTS_DIR; };
		E1C978E62A9B5A09003BDC4A /* AppDelegate.swift */ = {isa = PBXFileReference; lastKnownFileType = sourcecode.swift; path = AppDelegate.swift; sourceTree = "<group>"; };
		E1C978E82A9B5A09003BDC4A /* SceneDelegate.swift */ = {isa = PBXFileReference; lastKnownFileType = sourcecode.swift; path = SceneDelegate.swift; sourceTree = "<group>"; };
		E1C978EA2A9B5A09003BDC4A /* OnboardingViewController.swift */ = {isa = PBXFileReference; lastKnownFileType = sourcecode.swift; path = OnboardingViewController.swift; sourceTree = "<group>"; };
		E1C978EF2A9B5A09003BDC4A /* Assets.xcassets */ = {isa = PBXFileReference; lastKnownFileType = folder.assetcatalog; path = Assets.xcassets; sourceTree = "<group>"; };
		E1C978F22A9B5A09003BDC4A /* Base */ = {isa = PBXFileReference; lastKnownFileType = file.storyboard; name = Base; path = Base.lproj/LaunchScreen.storyboard; sourceTree = "<group>"; };
		E1C978F42A9B5A09003BDC4A /* Info.plist */ = {isa = PBXFileReference; lastKnownFileType = text.plist.xml; path = Info.plist; sourceTree = "<group>"; };
		E29809962A9BA068002121A5 /* MainScreenViewController.swift */ = {isa = PBXFileReference; lastKnownFileType = sourcecode.swift; path = MainScreenViewController.swift; sourceTree = "<group>"; };
		E29809992A9BA977002121A5 /* ReuseIdentifierProtocol.swift */ = {isa = PBXFileReference; lastKnownFileType = sourcecode.swift; path = ReuseIdentifierProtocol.swift; sourceTree = "<group>"; };
		E298099B2A9BA98A002121A5 /* UICollectionViewCell + Ext.swift */ = {isa = PBXFileReference; lastKnownFileType = sourcecode.swift; path = "UICollectionViewCell + Ext.swift"; sourceTree = "<group>"; };
/* End PBXFileReference section */

/* Begin PBXFrameworksBuildPhase section */
		E1C978E02A9B5A09003BDC4A /* Frameworks */ = {
			isa = PBXFrameworksBuildPhase;
			buildActionMask = 2147483647;
			files = (
				E1C979072A9B83CC003BDC4A /* Kingfisher in Frameworks */,
				E1C978FF2A9B7274003BDC4A /* SnapKit in Frameworks */,
			);
			runOnlyForDeploymentPostprocessing = 0;
		};
/* End PBXFrameworksBuildPhase section */

/* Begin PBXGroup section */
		E1C978DA2A9B5A09003BDC4A = {
			isa = PBXGroup;
			children = (
				E1C978E52A9B5A09003BDC4A /* BestRecipesNo8 */,
				E1C978E42A9B5A09003BDC4A /* Products */,
			);
			sourceTree = "<group>";
		};
		E1C978E42A9B5A09003BDC4A /* Products */ = {
			isa = PBXGroup;
			children = (
				E1C978E32A9B5A09003BDC4A /* BestRecipesNo8.app */,
			);
			name = Products;
			sourceTree = "<group>";
		};
		E1C978E52A9B5A09003BDC4A /* BestRecipesNo8 */ = {
			isa = PBXGroup;
			children = (
				E29809982A9BA932002121A5 /* Extension */,
				E29809952A9BA037002121A5 /* Main Screen */,
				E1C978FB2A9B5C67003BDC4A /* OnboardingVController */,
				E1C979042A9B7EC9003BDC4A /* Modules */,
				E1C978FA2A9B5AC2003BDC4A /* App */,
				E1C978EF2A9B5A09003BDC4A /* Assets.xcassets */,
				E1C978F12A9B5A09003BDC4A /* LaunchScreen.storyboard */,
				E1C978F42A9B5A09003BDC4A /* Info.plist */,
			);
			path = BestRecipesNo8;
			sourceTree = "<group>";
		};
		E1C978FA2A9B5AC2003BDC4A /* App */ = {
			isa = PBXGroup;
			children = (
				E1C978E62A9B5A09003BDC4A /* AppDelegate.swift */,
				E1C978E82A9B5A09003BDC4A /* SceneDelegate.swift */,
			);
			path = App;
			sourceTree = "<group>";
		};
		E1C978FB2A9B5C67003BDC4A /* OnboardingVController */ = {
			isa = PBXGroup;
			children = (
				E1C978EA2A9B5A09003BDC4A /* OnboardingViewController.swift */,
			);
			path = OnboardingVController;
			sourceTree = "<group>";
		};
		E1C978FC2A9B5CAF003BDC4A /* HomeModule */ = {
			isa = PBXGroup;
			children = (
				E1C979032A9B7403003BDC4A /* Views */,
				E1C979022A9B73F7003BDC4A /* Presenters */,
				E1C979012A9B73EB003BDC4A /* Bilders */,
				E1C979002A9B73DB003BDC4A /* Routers */,
			);
			path = HomeModule;
			sourceTree = "<group>";
		};
		E1C979002A9B73DB003BDC4A /* Routers */ = {
			isa = PBXGroup;
			children = (
			);
			path = Routers;
			sourceTree = "<group>";
		};
		E1C979012A9B73EB003BDC4A /* Bilders */ = {
			isa = PBXGroup;
			children = (
			);
			path = Bilders;
			sourceTree = "<group>";
		};
		E1C979022A9B73F7003BDC4A /* Presenters */ = {
			isa = PBXGroup;
			children = (
			);
			path = Presenters;
			sourceTree = "<group>";
		};
		E1C979032A9B7403003BDC4A /* Views */ = {
			isa = PBXGroup;
			children = (
			);
			path = Views;
			sourceTree = "<group>";
		};
		E1C979042A9B7EC9003BDC4A /* Modules */ = {
			isa = PBXGroup;
			children = (
				E1C978FC2A9B5CAF003BDC4A /* HomeModule */,
			);
			path = Modules;
			sourceTree = "<group>";
		};
		E29809952A9BA037002121A5 /* Main Screen */ = {
			isa = PBXGroup;
			children = (
				E29809962A9BA068002121A5 /* MainScreenViewController.swift */,
			);
			path = "Main Screen";
			sourceTree = "<group>";
		};
		E29809982A9BA932002121A5 /* Extension */ = {
			isa = PBXGroup;
			children = (
				E29809992A9BA977002121A5 /* ReuseIdentifierProtocol.swift */,
				E298099B2A9BA98A002121A5 /* UICollectionViewCell + Ext.swift */,
			);
			path = Extension;
			sourceTree = "<group>";
		};
/* End PBXGroup section */

/* Begin PBXNativeTarget section */
		E1C978E22A9B5A09003BDC4A /* BestRecipesNo8 */ = {
			isa = PBXNativeTarget;
			buildConfigurationList = E1C978F72A9B5A09003BDC4A /* Build configuration list for PBXNativeTarget "BestRecipesNo8" */;
			buildPhases = (
				E1C978DF2A9B5A09003BDC4A /* Sources */,
				E1C978E02A9B5A09003BDC4A /* Frameworks */,
				E1C978E12A9B5A09003BDC4A /* Resources */,
			);
			buildRules = (
			);
			dependencies = (
			);
			name = BestRecipesNo8;
			packageProductDependencies = (
				E1C978FE2A9B7274003BDC4A /* SnapKit */,
				E1C979062A9B83CC003BDC4A /* Kingfisher */,
			);
			productName = BestRecipesNo8;
			productReference = E1C978E32A9B5A09003BDC4A /* BestRecipesNo8.app */;
			productType = "com.apple.product-type.application";
		};
/* End PBXNativeTarget section */

/* Begin PBXProject section */
		E1C978DB2A9B5A09003BDC4A /* Project object */ = {
			isa = PBXProject;
			attributes = {
				BuildIndependentTargetsInParallel = 1;
				LastSwiftUpdateCheck = 1430;
				LastUpgradeCheck = 1430;
				TargetAttributes = {
					E1C978E22A9B5A09003BDC4A = {
						CreatedOnToolsVersion = 14.3;
					};
				};
			};
			buildConfigurationList = E1C978DE2A9B5A09003BDC4A /* Build configuration list for PBXProject "BestRecipesNo8" */;
			compatibilityVersion = "Xcode 14.0";
			developmentRegion = en;
			hasScannedForEncodings = 0;
			knownRegions = (
				en,
				Base,
			);
			mainGroup = E1C978DA2A9B5A09003BDC4A;
			packageReferences = (
				E1C978FD2A9B7274003BDC4A /* XCRemoteSwiftPackageReference "SnapKit" */,
				E1C979052A9B83CC003BDC4A /* XCRemoteSwiftPackageReference "Kingfisher" */,
			);
			productRefGroup = E1C978E42A9B5A09003BDC4A /* Products */;
			projectDirPath = "";
			projectRoot = "";
			targets = (
				E1C978E22A9B5A09003BDC4A /* BestRecipesNo8 */,
			);
		};
/* End PBXProject section */

/* Begin PBXResourcesBuildPhase section */
		E1C978E12A9B5A09003BDC4A /* Resources */ = {
			isa = PBXResourcesBuildPhase;
			buildActionMask = 2147483647;
			files = (
				E1C978F32A9B5A09003BDC4A /* LaunchScreen.storyboard in Resources */,
				E1C978F02A9B5A09003BDC4A /* Assets.xcassets in Resources */,
			);
			runOnlyForDeploymentPostprocessing = 0;
		};
/* End PBXResourcesBuildPhase section */

/* Begin PBXSourcesBuildPhase section */
		E1C978DF2A9B5A09003BDC4A /* Sources */ = {
			isa = PBXSourcesBuildPhase;
			buildActionMask = 2147483647;
			files = (
				E298099C2A9BA98A002121A5 /* UICollectionViewCell + Ext.swift in Sources */,
				E298099A2A9BA977002121A5 /* ReuseIdentifierProtocol.swift in Sources */,
				E1C978EB2A9B5A09003BDC4A /* OnboardingViewController.swift in Sources */,
				E29809972A9BA068002121A5 /* MainScreenViewController.swift in Sources */,
				E1C978E72A9B5A09003BDC4A /* AppDelegate.swift in Sources */,
				E1C978E92A9B5A09003BDC4A /* SceneDelegate.swift in Sources */,
			);
			runOnlyForDeploymentPostprocessing = 0;
		};
/* End PBXSourcesBuildPhase section */

/* Begin PBXVariantGroup section */
		E1C978F12A9B5A09003BDC4A /* LaunchScreen.storyboard */ = {
			isa = PBXVariantGroup;
			children = (
				E1C978F22A9B5A09003BDC4A /* Base */,
			);
			name = LaunchScreen.storyboard;
			sourceTree = "<group>";
		};
/* End PBXVariantGroup section */

/* Begin XCBuildConfiguration section */
		E1C978F52A9B5A09003BDC4A /* Debug */ = {
			isa = XCBuildConfiguration;
			buildSettings = {
				ALWAYS_SEARCH_USER_PATHS = NO;
				CLANG_ANALYZER_NONNULL = YES;
				CLANG_ANALYZER_NUMBER_OBJECT_CONVERSION = YES_AGGRESSIVE;
				CLANG_CXX_LANGUAGE_STANDARD = "gnu++20";
				CLANG_ENABLE_MODULES = YES;
				CLANG_ENABLE_OBJC_ARC = YES;
				CLANG_ENABLE_OBJC_WEAK = YES;
				CLANG_WARN_BLOCK_CAPTURE_AUTORELEASING = YES;
				CLANG_WARN_BOOL_CONVERSION = YES;
				CLANG_WARN_COMMA = YES;
				CLANG_WARN_CONSTANT_CONVERSION = YES;
				CLANG_WARN_DEPRECATED_OBJC_IMPLEMENTATIONS = YES;
				CLANG_WARN_DIRECT_OBJC_ISA_USAGE = YES_ERROR;
				CLANG_WARN_DOCUMENTATION_COMMENTS = YES;
				CLANG_WARN_EMPTY_BODY = YES;
				CLANG_WARN_ENUM_CONVERSION = YES;
				CLANG_WARN_INFINITE_RECURSION = YES;
				CLANG_WARN_INT_CONVERSION = YES;
				CLANG_WARN_NON_LITERAL_NULL_CONVERSION = YES;
				CLANG_WARN_OBJC_IMPLICIT_RETAIN_SELF = YES;
				CLANG_WARN_OBJC_LITERAL_CONVERSION = YES;
				CLANG_WARN_OBJC_ROOT_CLASS = YES_ERROR;
				CLANG_WARN_QUOTED_INCLUDE_IN_FRAMEWORK_HEADER = YES;
				CLANG_WARN_RANGE_LOOP_ANALYSIS = YES;
				CLANG_WARN_STRICT_PROTOTYPES = YES;
				CLANG_WARN_SUSPICIOUS_MOVE = YES;
				CLANG_WARN_UNGUARDED_AVAILABILITY = YES_AGGRESSIVE;
				CLANG_WARN_UNREACHABLE_CODE = YES;
				CLANG_WARN__DUPLICATE_METHOD_MATCH = YES;
				COPY_PHASE_STRIP = NO;
				DEBUG_INFORMATION_FORMAT = dwarf;
				ENABLE_STRICT_OBJC_MSGSEND = YES;
				ENABLE_TESTABILITY = YES;
				GCC_C_LANGUAGE_STANDARD = gnu11;
				GCC_DYNAMIC_NO_PIC = NO;
				GCC_NO_COMMON_BLOCKS = YES;
				GCC_OPTIMIZATION_LEVEL = 0;
				GCC_PREPROCESSOR_DEFINITIONS = (
					"DEBUG=1",
					"$(inherited)",
				);
				GCC_WARN_64_TO_32_BIT_CONVERSION = YES;
				GCC_WARN_ABOUT_RETURN_TYPE = YES_ERROR;
				GCC_WARN_UNDECLARED_SELECTOR = YES;
				GCC_WARN_UNINITIALIZED_AUTOS = YES_AGGRESSIVE;
				GCC_WARN_UNUSED_FUNCTION = YES;
				GCC_WARN_UNUSED_VARIABLE = YES;
				IPHONEOS_DEPLOYMENT_TARGET = 15.0;
				MTL_ENABLE_DEBUG_INFO = INCLUDE_SOURCE;
				MTL_FAST_MATH = YES;
				ONLY_ACTIVE_ARCH = YES;
				SDKROOT = iphoneos;
				SWIFT_ACTIVE_COMPILATION_CONDITIONS = DEBUG;
				SWIFT_OPTIMIZATION_LEVEL = "-Onone";
			};
			name = Debug;
		};
		E1C978F62A9B5A09003BDC4A /* Release */ = {
			isa = XCBuildConfiguration;
			buildSettings = {
				ALWAYS_SEARCH_USER_PATHS = NO;
				CLANG_ANALYZER_NONNULL = YES;
				CLANG_ANALYZER_NUMBER_OBJECT_CONVERSION = YES_AGGRESSIVE;
				CLANG_CXX_LANGUAGE_STANDARD = "gnu++20";
				CLANG_ENABLE_MODULES = YES;
				CLANG_ENABLE_OBJC_ARC = YES;
				CLANG_ENABLE_OBJC_WEAK = YES;
				CLANG_WARN_BLOCK_CAPTURE_AUTORELEASING = YES;
				CLANG_WARN_BOOL_CONVERSION = YES;
				CLANG_WARN_COMMA = YES;
				CLANG_WARN_CONSTANT_CONVERSION = YES;
				CLANG_WARN_DEPRECATED_OBJC_IMPLEMENTATIONS = YES;
				CLANG_WARN_DIRECT_OBJC_ISA_USAGE = YES_ERROR;
				CLANG_WARN_DOCUMENTATION_COMMENTS = YES;
				CLANG_WARN_EMPTY_BODY = YES;
				CLANG_WARN_ENUM_CONVERSION = YES;
				CLANG_WARN_INFINITE_RECURSION = YES;
				CLANG_WARN_INT_CONVERSION = YES;
				CLANG_WARN_NON_LITERAL_NULL_CONVERSION = YES;
				CLANG_WARN_OBJC_IMPLICIT_RETAIN_SELF = YES;
				CLANG_WARN_OBJC_LITERAL_CONVERSION = YES;
				CLANG_WARN_OBJC_ROOT_CLASS = YES_ERROR;
				CLANG_WARN_QUOTED_INCLUDE_IN_FRAMEWORK_HEADER = YES;
				CLANG_WARN_RANGE_LOOP_ANALYSIS = YES;
				CLANG_WARN_STRICT_PROTOTYPES = YES;
				CLANG_WARN_SUSPICIOUS_MOVE = YES;
				CLANG_WARN_UNGUARDED_AVAILABILITY = YES_AGGRESSIVE;
				CLANG_WARN_UNREACHABLE_CODE = YES;
				CLANG_WARN__DUPLICATE_METHOD_MATCH = YES;
				COPY_PHASE_STRIP = NO;
				DEBUG_INFORMATION_FORMAT = "dwarf-with-dsym";
				ENABLE_NS_ASSERTIONS = NO;
				ENABLE_STRICT_OBJC_MSGSEND = YES;
				GCC_C_LANGUAGE_STANDARD = gnu11;
				GCC_NO_COMMON_BLOCKS = YES;
				GCC_WARN_64_TO_32_BIT_CONVERSION = YES;
				GCC_WARN_ABOUT_RETURN_TYPE = YES_ERROR;
				GCC_WARN_UNDECLARED_SELECTOR = YES;
				GCC_WARN_UNINITIALIZED_AUTOS = YES_AGGRESSIVE;
				GCC_WARN_UNUSED_FUNCTION = YES;
				GCC_WARN_UNUSED_VARIABLE = YES;
				IPHONEOS_DEPLOYMENT_TARGET = 15.0;
				MTL_ENABLE_DEBUG_INFO = NO;
				MTL_FAST_MATH = YES;
				SDKROOT = iphoneos;
				SWIFT_COMPILATION_MODE = wholemodule;
				SWIFT_OPTIMIZATION_LEVEL = "-O";
				VALIDATE_PRODUCT = YES;
			};
			name = Release;
		};
		E1C978F82A9B5A09003BDC4A /* Debug */ = {
			isa = XCBuildConfiguration;
			buildSettings = {
				ASSETCATALOG_COMPILER_APPICON_NAME = AppIcon;
				ASSETCATALOG_COMPILER_GLOBAL_ACCENT_COLOR_NAME = AccentColor;
				CODE_SIGN_STYLE = Automatic;
				CURRENT_PROJECT_VERSION = 1;
				DEVELOPMENT_TEAM = KYB528F2CP;
				GENERATE_INFOPLIST_FILE = YES;
				INFOPLIST_FILE = BestRecipesNo8/Info.plist;
				INFOPLIST_KEY_UIApplicationSupportsIndirectInputEvents = YES;
				INFOPLIST_KEY_UILaunchStoryboardName = LaunchScreen;
				INFOPLIST_KEY_UISupportedInterfaceOrientations = UIInterfaceOrientationPortrait;
				IPHONEOS_DEPLOYMENT_TARGET = 15.0;
				LD_RUNPATH_SEARCH_PATHS = (
					"$(inherited)",
					"@executable_path/Frameworks",
				);
				MARKETING_VERSION = 1.0;
				PRODUCT_BUNDLE_IDENTIFIER = keller.BestRecipesNo8;
				PRODUCT_NAME = "$(TARGET_NAME)";
				SUPPORTED_PLATFORMS = "iphoneos iphonesimulator";
				SUPPORTS_MACCATALYST = NO;
				SUPPORTS_MAC_DESIGNED_FOR_IPHONE_IPAD = NO;
				SWIFT_EMIT_LOC_STRINGS = YES;
				SWIFT_VERSION = 5.0;
				TARGETED_DEVICE_FAMILY = 1;
			};
			name = Debug;
		};
		E1C978F92A9B5A09003BDC4A /* Release */ = {
			isa = XCBuildConfiguration;
			buildSettings = {
				ASSETCATALOG_COMPILER_APPICON_NAME = AppIcon;
				ASSETCATALOG_COMPILER_GLOBAL_ACCENT_COLOR_NAME = AccentColor;
				CODE_SIGN_STYLE = Automatic;
				CURRENT_PROJECT_VERSION = 1;
				DEVELOPMENT_TEAM = KYB528F2CP;
				GENERATE_INFOPLIST_FILE = YES;
				INFOPLIST_FILE = BestRecipesNo8/Info.plist;
				INFOPLIST_KEY_UIApplicationSupportsIndirectInputEvents = YES;
				INFOPLIST_KEY_UILaunchStoryboardName = LaunchScreen;
				INFOPLIST_KEY_UISupportedInterfaceOrientations = UIInterfaceOrientationPortrait;
				IPHONEOS_DEPLOYMENT_TARGET = 15.0;
				LD_RUNPATH_SEARCH_PATHS = (
					"$(inherited)",
					"@executable_path/Frameworks",
				);
				MARKETING_VERSION = 1.0;
				PRODUCT_BUNDLE_IDENTIFIER = keller.BestRecipesNo8;
				PRODUCT_NAME = "$(TARGET_NAME)";
				SUPPORTED_PLATFORMS = "iphoneos iphonesimulator";
				SUPPORTS_MACCATALYST = NO;
				SUPPORTS_MAC_DESIGNED_FOR_IPHONE_IPAD = NO;
				SWIFT_EMIT_LOC_STRINGS = YES;
				SWIFT_VERSION = 5.0;
				TARGETED_DEVICE_FAMILY = 1;
			};
			name = Release;
		};
/* End XCBuildConfiguration section */

/* Begin XCConfigurationList section */
		E1C978DE2A9B5A09003BDC4A /* Build configuration list for PBXProject "BestRecipesNo8" */ = {
			isa = XCConfigurationList;
			buildConfigurations = (
				E1C978F52A9B5A09003BDC4A /* Debug */,
				E1C978F62A9B5A09003BDC4A /* Release */,
			);
			defaultConfigurationIsVisible = 0;
			defaultConfigurationName = Release;
		};
		E1C978F72A9B5A09003BDC4A /* Build configuration list for PBXNativeTarget "BestRecipesNo8" */ = {
			isa = XCConfigurationList;
			buildConfigurations = (
				E1C978F82A9B5A09003BDC4A /* Debug */,
				E1C978F92A9B5A09003BDC4A /* Release */,
			);
			defaultConfigurationIsVisible = 0;
			defaultConfigurationName = Release;
		};
/* End XCConfigurationList section */

/* Begin XCRemoteSwiftPackageReference section */
		E1C978FD2A9B7274003BDC4A /* XCRemoteSwiftPackageReference "SnapKit" */ = {
			isa = XCRemoteSwiftPackageReference;
			repositoryURL = "https://github.com/SnapKit/SnapKit";
			requirement = {
				kind = upToNextMajorVersion;
				minimumVersion = 5.0.0;
			};
		};
		E1C979052A9B83CC003BDC4A /* XCRemoteSwiftPackageReference "Kingfisher" */ = {
			isa = XCRemoteSwiftPackageReference;
			repositoryURL = "https://github.com/onevcat/Kingfisher";
			requirement = {
				kind = upToNextMajorVersion;
				minimumVersion = 7.0.0;
			};
		};
/* End XCRemoteSwiftPackageReference section */

/* Begin XCSwiftPackageProductDependency section */
		E1C978FE2A9B7274003BDC4A /* SnapKit */ = {
			isa = XCSwiftPackageProductDependency;
			package = E1C978FD2A9B7274003BDC4A /* XCRemoteSwiftPackageReference "SnapKit" */;
			productName = SnapKit;
		};
		E1C979062A9B83CC003BDC4A /* Kingfisher */ = {
			isa = XCSwiftPackageProductDependency;
			package = E1C979052A9B83CC003BDC4A /* XCRemoteSwiftPackageReference "Kingfisher" */;
			productName = Kingfisher;
		};
/* End XCSwiftPackageProductDependency section */
	};
	rootObject = E1C978DB2A9B5A09003BDC4A /* Project object */;
}
