// !$*UTF8*$!
{
	archiveVersion = 1;
	classes = {
	};
	objectVersion = 56;
	objects = {

/* Begin PBXBuildFile section */
		283A2D5B2A9D333000A70257 /* Endpoint.swift in Sources */ = {isa = PBXBuildFile; fileRef = 283A2D5A2A9D333000A70257 /* Endpoint.swift */; };
		283A2D5D2A9D334F00A70257 /* API.swift in Sources */ = {isa = PBXBuildFile; fileRef = 283A2D5C2A9D334F00A70257 /* API.swift */; };
		283A2D5F2A9D336400A70257 /* NetworkManager.swift in Sources */ = {isa = PBXBuildFile; fileRef = 283A2D5E2A9D336400A70257 /* NetworkManager.swift */; };
		283A2D612A9D338100A70257 /* ImageManager.swift in Sources */ = {isa = PBXBuildFile; fileRef = 283A2D602A9D338100A70257 /* ImageManager.swift */; };
		283A2D642A9D33A200A70257 /* Constants.swift in Sources */ = {isa = PBXBuildFile; fileRef = 283A2D632A9D33A200A70257 /* Constants.swift */; };
		283A2D662A9D33B400A70257 /* RandomRecipe.swift in Sources */ = {isa = PBXBuildFile; fileRef = 283A2D652A9D33B400A70257 /* RandomRecipe.swift */; };
		283A2D682A9D33C600A70257 /* SearchRecipe.swift in Sources */ = {isa = PBXBuildFile; fileRef = 283A2D672A9D33C600A70257 /* SearchRecipe.swift */; };
		E116755B2A9BB9F800C6ED88 /* ModuleBuilder.swift in Sources */ = {isa = PBXBuildFile; fileRef = E116755A2A9BB9F800C6ED88 /* ModuleBuilder.swift */; };
		E116755E2A9BBA5000C6ED88 /* Router.swift in Sources */ = {isa = PBXBuildFile; fileRef = E116755D2A9BBA5000C6ED88 /* Router.swift */; };
		E116759A2A9BF55300C6ED88 /* Colors + Extension.swift in Sources */ = {isa = PBXBuildFile; fileRef = E11675992A9BF55300C6ED88 /* Colors + Extension.swift */; };
		E116759C2A9BF55B00C6ED88 /* UIFont + Extension.swift in Sources */ = {isa = PBXBuildFile; fileRef = E116759B2A9BF55B00C6ED88 /* UIFont + Extension.swift */; };
		E116759E2A9BF56200C6ED88 /* CustomButton.swift in Sources */ = {isa = PBXBuildFile; fileRef = E116759D2A9BF56200C6ED88 /* CustomButton.swift */; };
		E11675AF2A9C838300C6ED88 /* StartPresenter.swift in Sources */ = {isa = PBXBuildFile; fileRef = E11675AE2A9C838300C6ED88 /* StartPresenter.swift */; };
		E11675B12A9C83E700C6ED88 /* StartRouterInput.swift in Sources */ = {isa = PBXBuildFile; fileRef = E11675B02A9C83E700C6ED88 /* StartRouterInput.swift */; };
		E11675B32A9C840500C6ED88 /* StartViewRouter.swift in Sources */ = {isa = PBXBuildFile; fileRef = E11675B22A9C840500C6ED88 /* StartViewRouter.swift */; };
		E11675B52A9C843800C6ED88 /* StartBuilder.swift in Sources */ = {isa = PBXBuildFile; fileRef = E11675B42A9C843800C6ED88 /* StartBuilder.swift */; };
		E11675B72A9C845E00C6ED88 /* StartView.swift in Sources */ = {isa = PBXBuildFile; fileRef = E11675B62A9C845E00C6ED88 /* StartView.swift */; };
		E11675B92A9C847F00C6ED88 /* StartViewOutput.swift in Sources */ = {isa = PBXBuildFile; fileRef = E11675B82A9C847F00C6ED88 /* StartViewOutput.swift */; };
		E11675BB2A9C849400C6ED88 /* StartViewInput.swift in Sources */ = {isa = PBXBuildFile; fileRef = E11675BA2A9C849400C6ED88 /* StartViewInput.swift */; };
		E11675BE2A9C87B700C6ED88 /* SettingsManager.swift in Sources */ = {isa = PBXBuildFile; fileRef = E11675BD2A9C87B700C6ED88 /* SettingsManager.swift */; };
		E1ABBEAB2A9DEDB50021E624 /* OnboardingConstants.swift in Sources */ = {isa = PBXBuildFile; fileRef = E1ABBEAA2A9DEDB50021E624 /* OnboardingConstants.swift */; };
		E1ABBEAD2A9DEFF70021E624 /* UIImage + TabBar.swift in Sources */ = {isa = PBXBuildFile; fileRef = E1ABBEAC2A9DEFF70021E624 /* UIImage + TabBar.swift */; };
		E1ABBEB02A9E09830021E624 /* CustomPageControl.swift in Sources */ = {isa = PBXBuildFile; fileRef = E1ABBEAF2A9E09830021E624 /* CustomPageControl.swift */; };
		E1ABBEB32A9E86760021E624 /* Poppins-Regular.ttf in Resources */ = {isa = PBXBuildFile; fileRef = E11675A82A9BFECA00C6ED88 /* Poppins-Regular.ttf */; };
		E1ABBEB42A9E86790021E624 /* Poppins-Bold.ttf in Resources */ = {isa = PBXBuildFile; fileRef = E11675A12A9BF5E100C6ED88 /* Poppins-Bold.ttf */; };
		E1C978E72A9B5A09003BDC4A /* AppDelegate.swift in Sources */ = {isa = PBXBuildFile; fileRef = E1C978E62A9B5A09003BDC4A /* AppDelegate.swift */; };
		E1C978E92A9B5A09003BDC4A /* SceneDelegate.swift in Sources */ = {isa = PBXBuildFile; fileRef = E1C978E82A9B5A09003BDC4A /* SceneDelegate.swift */; };
		E1C978EB2A9B5A09003BDC4A /* OnboardingViewController.swift in Sources */ = {isa = PBXBuildFile; fileRef = E1C978EA2A9B5A09003BDC4A /* OnboardingViewController.swift */; };
		E1C978F02A9B5A09003BDC4A /* Assets.xcassets in Resources */ = {isa = PBXBuildFile; fileRef = E1C978EF2A9B5A09003BDC4A /* Assets.xcassets */; };
		E1C978F32A9B5A09003BDC4A /* LaunchScreen.storyboard in Resources */ = {isa = PBXBuildFile; fileRef = E1C978F12A9B5A09003BDC4A /* LaunchScreen.storyboard */; };
		E1C978FF2A9B7274003BDC4A /* SnapKit in Frameworks */ = {isa = PBXBuildFile; productRef = E1C978FE2A9B7274003BDC4A /* SnapKit */; };
		E1C979072A9B83CC003BDC4A /* Kingfisher in Frameworks */ = {isa = PBXBuildFile; productRef = E1C979062A9B83CC003BDC4A /* Kingfisher */; };
/* End PBXBuildFile section */

/* Begin PBXFileReference section */
		283A2D5A2A9D333000A70257 /* Endpoint.swift */ = {isa = PBXFileReference; lastKnownFileType = sourcecode.swift; path = Endpoint.swift; sourceTree = "<group>"; };
		283A2D5C2A9D334F00A70257 /* API.swift */ = {isa = PBXFileReference; lastKnownFileType = sourcecode.swift; path = API.swift; sourceTree = "<group>"; };
		283A2D5E2A9D336400A70257 /* NetworkManager.swift */ = {isa = PBXFileReference; lastKnownFileType = sourcecode.swift; path = NetworkManager.swift; sourceTree = "<group>"; };
		283A2D602A9D338100A70257 /* ImageManager.swift */ = {isa = PBXFileReference; lastKnownFileType = sourcecode.swift; path = ImageManager.swift; sourceTree = "<group>"; };
		283A2D632A9D33A200A70257 /* Constants.swift */ = {isa = PBXFileReference; lastKnownFileType = sourcecode.swift; path = Constants.swift; sourceTree = "<group>"; };
		283A2D652A9D33B400A70257 /* RandomRecipe.swift */ = {isa = PBXFileReference; lastKnownFileType = sourcecode.swift; path = RandomRecipe.swift; sourceTree = "<group>"; };
		283A2D672A9D33C600A70257 /* SearchRecipe.swift */ = {isa = PBXFileReference; lastKnownFileType = sourcecode.swift; path = SearchRecipe.swift; sourceTree = "<group>"; };
		E116755A2A9BB9F800C6ED88 /* ModuleBuilder.swift */ = {isa = PBXFileReference; lastKnownFileType = sourcecode.swift; path = ModuleBuilder.swift; sourceTree = "<group>"; };
		E116755D2A9BBA5000C6ED88 /* Router.swift */ = {isa = PBXFileReference; lastKnownFileType = sourcecode.swift; path = Router.swift; sourceTree = "<group>"; };
		E11675992A9BF55300C6ED88 /* Colors + Extension.swift */ = {isa = PBXFileReference; fileEncoding = 4; lastKnownFileType = sourcecode.swift; path = "Colors + Extension.swift"; sourceTree = "<group>"; };
		E116759B2A9BF55B00C6ED88 /* UIFont + Extension.swift */ = {isa = PBXFileReference; fileEncoding = 4; lastKnownFileType = sourcecode.swift; path = "UIFont + Extension.swift"; sourceTree = "<group>"; };
		E116759D2A9BF56200C6ED88 /* CustomButton.swift */ = {isa = PBXFileReference; fileEncoding = 4; lastKnownFileType = sourcecode.swift; path = CustomButton.swift; sourceTree = "<group>"; };
		E11675A12A9BF5E100C6ED88 /* Poppins-Bold.ttf */ = {isa = PBXFileReference; lastKnownFileType = file; path = "Poppins-Bold.ttf"; sourceTree = "<group>"; };
		E11675A82A9BFECA00C6ED88 /* Poppins-Regular.ttf */ = {isa = PBXFileReference; lastKnownFileType = file; path = "Poppins-Regular.ttf"; sourceTree = "<group>"; };
		E11675AE2A9C838300C6ED88 /* StartPresenter.swift */ = {isa = PBXFileReference; lastKnownFileType = sourcecode.swift; path = StartPresenter.swift; sourceTree = "<group>"; };
		E11675B02A9C83E700C6ED88 /* StartRouterInput.swift */ = {isa = PBXFileReference; lastKnownFileType = sourcecode.swift; path = StartRouterInput.swift; sourceTree = "<group>"; };
		E11675B22A9C840500C6ED88 /* StartViewRouter.swift */ = {isa = PBXFileReference; lastKnownFileType = sourcecode.swift; path = StartViewRouter.swift; sourceTree = "<group>"; };
		E11675B42A9C843800C6ED88 /* StartBuilder.swift */ = {isa = PBXFileReference; lastKnownFileType = sourcecode.swift; path = StartBuilder.swift; sourceTree = "<group>"; };
		E11675B62A9C845E00C6ED88 /* StartView.swift */ = {isa = PBXFileReference; lastKnownFileType = sourcecode.swift; path = StartView.swift; sourceTree = "<group>"; };
		E11675B82A9C847F00C6ED88 /* StartViewOutput.swift */ = {isa = PBXFileReference; lastKnownFileType = sourcecode.swift; path = StartViewOutput.swift; sourceTree = "<group>"; };
		E11675BA2A9C849400C6ED88 /* StartViewInput.swift */ = {isa = PBXFileReference; lastKnownFileType = sourcecode.swift; path = StartViewInput.swift; sourceTree = "<group>"; };
		E11675BD2A9C87B700C6ED88 /* SettingsManager.swift */ = {isa = PBXFileReference; lastKnownFileType = sourcecode.swift; path = SettingsManager.swift; sourceTree = "<group>"; };
		E1ABBEAA2A9DEDB50021E624 /* OnboardingConstants.swift */ = {isa = PBXFileReference; lastKnownFileType = sourcecode.swift; path = OnboardingConstants.swift; sourceTree = "<group>"; };
		E1ABBEAC2A9DEFF70021E624 /* UIImage + TabBar.swift */ = {isa = PBXFileReference; lastKnownFileType = sourcecode.swift; path = "UIImage + TabBar.swift"; sourceTree = "<group>"; };
		E1ABBEAF2A9E09830021E624 /* CustomPageControl.swift */ = {isa = PBXFileReference; lastKnownFileType = sourcecode.swift; path = CustomPageControl.swift; sourceTree = "<group>"; };
		E1C978E32A9B5A09003BDC4A /* BestRecipesNo8.app */ = {isa = PBXFileReference; explicitFileType = wrapper.application; includeInIndex = 0; path = BestRecipesNo8.app; sourceTree = BUILT_PRODUCTS_DIR; };
		E1C978E62A9B5A09003BDC4A /* AppDelegate.swift */ = {isa = PBXFileReference; lastKnownFileType = sourcecode.swift; path = AppDelegate.swift; sourceTree = "<group>"; };
		E1C978E82A9B5A09003BDC4A /* SceneDelegate.swift */ = {isa = PBXFileReference; lastKnownFileType = sourcecode.swift; path = SceneDelegate.swift; sourceTree = "<group>"; };
		E1C978EA2A9B5A09003BDC4A /* OnboardingViewController.swift */ = {isa = PBXFileReference; lastKnownFileType = sourcecode.swift; path = OnboardingViewController.swift; sourceTree = "<group>"; };
		E1C978EF2A9B5A09003BDC4A /* Assets.xcassets */ = {isa = PBXFileReference; lastKnownFileType = folder.assetcatalog; path = Assets.xcassets; sourceTree = "<group>"; };
		E1C978F22A9B5A09003BDC4A /* Base */ = {isa = PBXFileReference; lastKnownFileType = file.storyboard; name = Base; path = Base.lproj/LaunchScreen.storyboard; sourceTree = "<group>"; };
		E1C978F42A9B5A09003BDC4A /* Info.plist */ = {isa = PBXFileReference; lastKnownFileType = text.plist.xml; path = Info.plist; sourceTree = "<group>"; };
/* End PBXFileReference section */

/* Begin PBXFrameworksBuildPhase section */
		E1C978E02A9B5A09003BDC4A /* Frameworks */ = {
			isa = PBXFrameworksBuildPhase;
			buildActionMask = 2147483647;
			files = (
				E1C979072A9B83CC003BDC4A /* Kingfisher in Frameworks */,
				E1C978FF2A9B7274003BDC4A /* SnapKit in Frameworks */,
			);
			runOnlyForDeploymentPostprocessing = 0;
		};
/* End PBXFrameworksBuildPhase section */

/* Begin PBXGroup section */
		283A2D592A9D330F00A70257 /* NetworkManager */ = {
			isa = PBXGroup;
			children = (
				283A2D5A2A9D333000A70257 /* Endpoint.swift */,
				283A2D5C2A9D334F00A70257 /* API.swift */,
				283A2D5E2A9D336400A70257 /* NetworkManager.swift */,
				283A2D602A9D338100A70257 /* ImageManager.swift */,
			);
			path = NetworkManager;
			sourceTree = "<group>";
		};
		283A2D622A9D338F00A70257 /* Models */ = {
			isa = PBXGroup;
			children = (
				283A2D632A9D33A200A70257 /* Constants.swift */,
				283A2D652A9D33B400A70257 /* RandomRecipe.swift */,
				283A2D672A9D33C600A70257 /* SearchRecipe.swift */,
			);
			path = Models;
			sourceTree = "<group>";
		};
		E11675592A9BB9D600C6ED88 /* Builder */ = {
			isa = PBXGroup;
			children = (
				E116755A2A9BB9F800C6ED88 /* ModuleBuilder.swift */,
			);
			path = Builder;
			sourceTree = "<group>";
		};
		E116755C2A9BBA3900C6ED88 /* Router */ = {
			isa = PBXGroup;
			children = (
				E116755D2A9BBA5000C6ED88 /* Router.swift */,
			);
			path = Router;
			sourceTree = "<group>";
		};
		E116755F2A9BBAEF00C6ED88 /* Extensions */ = {
			isa = PBXGroup;
			children = (
				E11675992A9BF55300C6ED88 /* Colors + Extension.swift */,
				E116759B2A9BF55B00C6ED88 /* UIFont + Extension.swift */,
				E1ABBEAC2A9DEFF70021E624 /* UIImage + TabBar.swift */,
			);
			path = Extensions;
			sourceTree = "<group>";
		};
		E116759F2A9BF58600C6ED88 /* Fonts */ = {
			isa = PBXGroup;
			children = (
				E11675A82A9BFECA00C6ED88 /* Poppins-Regular.ttf */,
				E11675A12A9BF5E100C6ED88 /* Poppins-Bold.ttf */,
			);
			path = Fonts;
			sourceTree = "<group>";
		};
		E11675A02A9BF59B00C6ED88 /* Resources */ = {
			isa = PBXGroup;
			children = (
				E1ABBEAE2A9E09570021E624 /* CustomUI */,
				E116759F2A9BF58600C6ED88 /* Fonts */,
				E1C978EF2A9B5A09003BDC4A /* Assets.xcassets */,
			);
			path = Resources;
			sourceTree = "<group>";
		};
		E11675A22A9BFC6B00C6ED88 /* HomeModule */ = {
			isa = PBXGroup;
			children = (
				E11675A32A9BFC6B00C6ED88 /* Routers */,
				E11675A42A9BFC6B00C6ED88 /* Presenters */,
				E11675A52A9BFC6B00C6ED88 /* Bilders */,
				E11675A62A9BFC6B00C6ED88 /* Views */,
			);
			path = HomeModule;
			sourceTree = "<group>";
		};
		E11675A32A9BFC6B00C6ED88 /* Routers */ = {
			isa = PBXGroup;
			children = (
			);
			path = Routers;
			sourceTree = "<group>";
		};
		E11675A42A9BFC6B00C6ED88 /* Presenters */ = {
			isa = PBXGroup;
			children = (
			);
			path = Presenters;
			sourceTree = "<group>";
		};
		E11675A52A9BFC6B00C6ED88 /* Bilders */ = {
			isa = PBXGroup;
			children = (
			);
			path = Bilders;
			sourceTree = "<group>";
		};
		E11675A62A9BFC6B00C6ED88 /* Views */ = {
			isa = PBXGroup;
			children = (
			);
			path = Views;
			sourceTree = "<group>";
		};
		E11675A92A9C831F00C6ED88 /* StartModule */ = {
			isa = PBXGroup;
			children = (
				E11675AD2A9C835C00C6ED88 /* Views */,
				E11675AC2A9C835000C6ED88 /* Builders */,
				E11675AB2A9C834500C6ED88 /* Presenters */,
				E11675AA2A9C833800C6ED88 /* Routers */,
			);
			path = StartModule;
			sourceTree = "<group>";
		};
		E11675AA2A9C833800C6ED88 /* Routers */ = {
			isa = PBXGroup;
			children = (
				E11675B02A9C83E700C6ED88 /* StartRouterInput.swift */,
				E11675B22A9C840500C6ED88 /* StartViewRouter.swift */,
			);
			path = Routers;
			sourceTree = "<group>";
		};
		E11675AB2A9C834500C6ED88 /* Presenters */ = {
			isa = PBXGroup;
			children = (
				E11675AE2A9C838300C6ED88 /* StartPresenter.swift */,
			);
			path = Presenters;
			sourceTree = "<group>";
		};
		E11675AC2A9C835000C6ED88 /* Builders */ = {
			isa = PBXGroup;
			children = (
				E11675B42A9C843800C6ED88 /* StartBuilder.swift */,
			);
			path = Builders;
			sourceTree = "<group>";
		};
		E11675AD2A9C835C00C6ED88 /* Views */ = {
			isa = PBXGroup;
			children = (
				E11675B62A9C845E00C6ED88 /* StartView.swift */,
				E11675BA2A9C849400C6ED88 /* StartViewInput.swift */,
				E11675B82A9C847F00C6ED88 /* StartViewOutput.swift */,
			);
			path = Views;
			sourceTree = "<group>";
		};
		E11675BC2A9C879200C6ED88 /* Services */ = {
			isa = PBXGroup;
			children = (
				E11675BD2A9C87B700C6ED88 /* SettingsManager.swift */,
			);
			path = Services;
			sourceTree = "<group>";
		};
		E1ABBEAE2A9E09570021E624 /* CustomUI */ = {
			isa = PBXGroup;
			children = (
				E116759D2A9BF56200C6ED88 /* CustomButton.swift */,
			);
			path = CustomUI;
			sourceTree = "<group>";
		};
		E1C978DA2A9B5A09003BDC4A = {
			isa = PBXGroup;
			children = (
				E1C978E52A9B5A09003BDC4A /* BestRecipesNo8 */,
				E1C978E42A9B5A09003BDC4A /* Products */,
			);
			sourceTree = "<group>";
		};
		E1C978E42A9B5A09003BDC4A /* Products */ = {
			isa = PBXGroup;
			children = (
				E1C978E32A9B5A09003BDC4A /* BestRecipesNo8.app */,
			);
			name = Products;
			sourceTree = "<group>";
		};
		E1C978E52A9B5A09003BDC4A /* BestRecipesNo8 */ = {
			isa = PBXGroup;
			children = (
				E116755C2A9BBA3900C6ED88 /* Router */,
				E11675592A9BB9D600C6ED88 /* Builder */,
				E1C978FB2A9B5C67003BDC4A /* OnboardingVController */,
				E1C979042A9B7EC9003BDC4A /* Modules */,
				E11675BC2A9C879200C6ED88 /* Services */,
				283A2D622A9D338F00A70257 /* Models */,
				283A2D592A9D330F00A70257 /* NetworkManager */,
				E116755F2A9BBAEF00C6ED88 /* Extensions */,
				E1C978FA2A9B5AC2003BDC4A /* App */,
				E11675A02A9BF59B00C6ED88 /* Resources */,
				E1C978F12A9B5A09003BDC4A /* LaunchScreen.storyboard */,
				E1C978F42A9B5A09003BDC4A /* Info.plist */,
			);
			path = BestRecipesNo8;
			sourceTree = "<group>";
		};
		E1C978FA2A9B5AC2003BDC4A /* App */ = {
			isa = PBXGroup;
			children = (
				E1C978E62A9B5A09003BDC4A /* AppDelegate.swift */,
				E1C978E82A9B5A09003BDC4A /* SceneDelegate.swift */,
			);
			path = App;
			sourceTree = "<group>";
		};
		E1C978FB2A9B5C67003BDC4A /* OnboardingVController */ = {
			isa = PBXGroup;
			children = (
				E1C978EA2A9B5A09003BDC4A /* OnboardingViewController.swift */,
				E1ABBEAA2A9DEDB50021E624 /* OnboardingConstants.swift */,
				E1ABBEAF2A9E09830021E624 /* CustomPageControl.swift */,
			);
			path = OnboardingVController;
			sourceTree = "<group>";
		};
		E1C979042A9B7EC9003BDC4A /* Modules */ = {
			isa = PBXGroup;
			children = (
				E11675A92A9C831F00C6ED88 /* StartModule */,
				E11675A22A9BFC6B00C6ED88 /* HomeModule */,
			);
			path = Modules;
			sourceTree = "<group>";
		};
/* End PBXGroup section */

/* Begin PBXNativeTarget section */
		E1C978E22A9B5A09003BDC4A /* BestRecipesNo8 */ = {
			isa = PBXNativeTarget;
			buildConfigurationList = E1C978F72A9B5A09003BDC4A /* Build configuration list for PBXNativeTarget "BestRecipesNo8" */;
			buildPhases = (
				E1C978DF2A9B5A09003BDC4A /* Sources */,
				E1C978E02A9B5A09003BDC4A /* Frameworks */,
				E1C978E12A9B5A09003BDC4A /* Resources */,
			);
			buildRules = (
			);
			dependencies = (
			);
			name = BestRecipesNo8;
			packageProductDependencies = (
				E1C978FE2A9B7274003BDC4A /* SnapKit */,
				E1C979062A9B83CC003BDC4A /* Kingfisher */,
			);
			productName = BestRecipesNo8;
			productReference = E1C978E32A9B5A09003BDC4A /* BestRecipesNo8.app */;
			productType = "com.apple.product-type.application";
		};
/* End PBXNativeTarget section */

/* Begin PBXProject section */
		E1C978DB2A9B5A09003BDC4A /* Project object */ = {
			isa = PBXProject;
			attributes = {
				BuildIndependentTargetsInParallel = 1;
				LastSwiftUpdateCheck = 1430;
				LastUpgradeCheck = 1430;
				TargetAttributes = {
					E1C978E22A9B5A09003BDC4A = {
						CreatedOnToolsVersion = 14.3;
					};
				};
			};
			buildConfigurationList = E1C978DE2A9B5A09003BDC4A /* Build configuration list for PBXProject "BestRecipesNo8" */;
			compatibilityVersion = "Xcode 14.0";
			developmentRegion = en;
			hasScannedForEncodings = 0;
			knownRegions = (
				en,
				Base,
			);
			mainGroup = E1C978DA2A9B5A09003BDC4A;
			packageReferences = (
				E1C978FD2A9B7274003BDC4A /* XCRemoteSwiftPackageReference "SnapKit" */,
				E1C979052A9B83CC003BDC4A /* XCRemoteSwiftPackageReference "Kingfisher" */,
			);
			productRefGroup = E1C978E42A9B5A09003BDC4A /* Products */;
			projectDirPath = "";
			projectRoot = "";
			targets = (
				E1C978E22A9B5A09003BDC4A /* BestRecipesNo8 */,
			);
		};
/* End PBXProject section */

/* Begin PBXResourcesBuildPhase section */
		E1C978E12A9B5A09003BDC4A /* Resources */ = {
			isa = PBXResourcesBuildPhase;
			buildActionMask = 2147483647;
			files = (
				E1ABBEB32A9E86760021E624 /* Poppins-Regular.ttf in Resources */,
				E1C978F32A9B5A09003BDC4A /* LaunchScreen.storyboard in Resources */,
				E1C978F02A9B5A09003BDC4A /* Assets.xcassets in Resources */,
				E1ABBEB42A9E86790021E624 /* Poppins-Bold.ttf in Resources */,
			);
			runOnlyForDeploymentPostprocessing = 0;
		};
/* End PBXResourcesBuildPhase section */

/* Begin PBXSourcesBuildPhase section */
		E1C978DF2A9B5A09003BDC4A /* Sources */ = {
			isa = PBXSourcesBuildPhase;
			buildActionMask = 2147483647;
			files = (
				283A2D5F2A9D336400A70257 /* NetworkManager.swift in Sources */,
				E1ABBEAD2A9DEFF70021E624 /* UIImage + TabBar.swift in Sources */,
				E1C978EB2A9B5A09003BDC4A /* OnboardingViewController.swift in Sources */,
				E116759A2A9BF55300C6ED88 /* Colors + Extension.swift in Sources */,
				E11675B52A9C843800C6ED88 /* StartBuilder.swift in Sources */,
				E1C978E72A9B5A09003BDC4A /* AppDelegate.swift in Sources */,
				E11675B92A9C847F00C6ED88 /* StartViewOutput.swift in Sources */,
				E116755E2A9BBA5000C6ED88 /* Router.swift in Sources */,
				E11675B72A9C845E00C6ED88 /* StartView.swift in Sources */,
				E11675B32A9C840500C6ED88 /* StartViewRouter.swift in Sources */,
				E1ABBEAB2A9DEDB50021E624 /* OnboardingConstants.swift in Sources */,
				E11675B12A9C83E700C6ED88 /* StartRouterInput.swift in Sources */,
				E11675BB2A9C849400C6ED88 /* StartViewInput.swift in Sources */,
				283A2D642A9D33A200A70257 /* Constants.swift in Sources */,
				283A2D612A9D338100A70257 /* ImageManager.swift in Sources */,
				E116759E2A9BF56200C6ED88 /* CustomButton.swift in Sources */,
				E1C978E92A9B5A09003BDC4A /* SceneDelegate.swift in Sources */,
				E11675BE2A9C87B700C6ED88 /* SettingsManager.swift in Sources */,
				E116759C2A9BF55B00C6ED88 /* UIFont + Extension.swift in Sources */,
				E116755B2A9BB9F800C6ED88 /* ModuleBuilder.swift in Sources */,
				283A2D5B2A9D333000A70257 /* Endpoint.swift in Sources */,
				283A2D5D2A9D334F00A70257 /* API.swift in Sources */,
				283A2D682A9D33C600A70257 /* SearchRecipe.swift in Sources */,
				283A2D662A9D33B400A70257 /* RandomRecipe.swift in Sources */,
				E11675AF2A9C838300C6ED88 /* StartPresenter.swift in Sources */,
				E1ABBEB02A9E09830021E624 /* CustomPageControl.swift in Sources */,
			);
			runOnlyForDeploymentPostprocessing = 0;
		};
/* End PBXSourcesBuildPhase section */

/* Begin PBXVariantGroup section */
		E1C978F12A9B5A09003BDC4A /* LaunchScreen.storyboard */ = {
			isa = PBXVariantGroup;
			children = (
				E1C978F22A9B5A09003BDC4A /* Base */,
			);
			name = LaunchScreen.storyboard;
			sourceTree = "<group>";
		};
/* End PBXVariantGroup section */

/* Begin XCBuildConfiguration section */
		E1C978F52A9B5A09003BDC4A /* Debug */ = {
			isa = XCBuildConfiguration;
			buildSettings = {
				ALWAYS_SEARCH_USER_PATHS = NO;
				CLANG_ANALYZER_NONNULL = YES;
				CLANG_ANALYZER_NUMBER_OBJECT_CONVERSION = YES_AGGRESSIVE;
				CLANG_CXX_LANGUAGE_STANDARD = "gnu++20";
				CLANG_ENABLE_MODULES = YES;
				CLANG_ENABLE_OBJC_ARC = YES;
				CLANG_ENABLE_OBJC_WEAK = YES;
				CLANG_WARN_BLOCK_CAPTURE_AUTORELEASING = YES;
				CLANG_WARN_BOOL_CONVERSION = YES;
				CLANG_WARN_COMMA = YES;
				CLANG_WARN_CONSTANT_CONVERSION = YES;
				CLANG_WARN_DEPRECATED_OBJC_IMPLEMENTATIONS = YES;
				CLANG_WARN_DIRECT_OBJC_ISA_USAGE = YES_ERROR;
				CLANG_WARN_DOCUMENTATION_COMMENTS = YES;
				CLANG_WARN_EMPTY_BODY = YES;
				CLANG_WARN_ENUM_CONVERSION = YES;
				CLANG_WARN_INFINITE_RECURSION = YES;
				CLANG_WARN_INT_CONVERSION = YES;
				CLANG_WARN_NON_LITERAL_NULL_CONVERSION = YES;
				CLANG_WARN_OBJC_IMPLICIT_RETAIN_SELF = YES;
				CLANG_WARN_OBJC_LITERAL_CONVERSION = YES;
				CLANG_WARN_OBJC_ROOT_CLASS = YES_ERROR;
				CLANG_WARN_QUOTED_INCLUDE_IN_FRAMEWORK_HEADER = YES;
				CLANG_WARN_RANGE_LOOP_ANALYSIS = YES;
				CLANG_WARN_STRICT_PROTOTYPES = YES;
				CLANG_WARN_SUSPICIOUS_MOVE = YES;
				CLANG_WARN_UNGUARDED_AVAILABILITY = YES_AGGRESSIVE;
				CLANG_WARN_UNREACHABLE_CODE = YES;
				CLANG_WARN__DUPLICATE_METHOD_MATCH = YES;
				COPY_PHASE_STRIP = NO;
				DEBUG_INFORMATION_FORMAT = dwarf;
				ENABLE_STRICT_OBJC_MSGSEND = YES;
				ENABLE_TESTABILITY = YES;
				GCC_C_LANGUAGE_STANDARD = gnu11;
				GCC_DYNAMIC_NO_PIC = NO;
				GCC_NO_COMMON_BLOCKS = YES;
				GCC_OPTIMIZATION_LEVEL = 0;
				GCC_PREPROCESSOR_DEFINITIONS = (
					"DEBUG=1",
					"$(inherited)",
				);
				GCC_WARN_64_TO_32_BIT_CONVERSION = YES;
				GCC_WARN_ABOUT_RETURN_TYPE = YES_ERROR;
				GCC_WARN_UNDECLARED_SELECTOR = YES;
				GCC_WARN_UNINITIALIZED_AUTOS = YES_AGGRESSIVE;
				GCC_WARN_UNUSED_FUNCTION = YES;
				GCC_WARN_UNUSED_VARIABLE = YES;
				IPHONEOS_DEPLOYMENT_TARGET = 15.0;
				MTL_ENABLE_DEBUG_INFO = INCLUDE_SOURCE;
				MTL_FAST_MATH = YES;
				ONLY_ACTIVE_ARCH = YES;
				SDKROOT = iphoneos;
				SWIFT_ACTIVE_COMPILATION_CONDITIONS = DEBUG;
				SWIFT_OPTIMIZATION_LEVEL = "-Onone";
			};
			name = Debug;
		};
		E1C978F62A9B5A09003BDC4A /* Release */ = {
			isa = XCBuildConfiguration;
			buildSettings = {
				ALWAYS_SEARCH_USER_PATHS = NO;
				CLANG_ANALYZER_NONNULL = YES;
				CLANG_ANALYZER_NUMBER_OBJECT_CONVERSION = YES_AGGRESSIVE;
				CLANG_CXX_LANGUAGE_STANDARD = "gnu++20";
				CLANG_ENABLE_MODULES = YES;
				CLANG_ENABLE_OBJC_ARC = YES;
				CLANG_ENABLE_OBJC_WEAK = YES;
				CLANG_WARN_BLOCK_CAPTURE_AUTORELEASING = YES;
				CLANG_WARN_BOOL_CONVERSION = YES;
				CLANG_WARN_COMMA = YES;
				CLANG_WARN_CONSTANT_CONVERSION = YES;
				CLANG_WARN_DEPRECATED_OBJC_IMPLEMENTATIONS = YES;
				CLANG_WARN_DIRECT_OBJC_ISA_USAGE = YES_ERROR;
				CLANG_WARN_DOCUMENTATION_COMMENTS = YES;
				CLANG_WARN_EMPTY_BODY = YES;
				CLANG_WARN_ENUM_CONVERSION = YES;
				CLANG_WARN_INFINITE_RECURSION = YES;
				CLANG_WARN_INT_CONVERSION = YES;
				CLANG_WARN_NON_LITERAL_NULL_CONVERSION = YES;
				CLANG_WARN_OBJC_IMPLICIT_RETAIN_SELF = YES;
				CLANG_WARN_OBJC_LITERAL_CONVERSION = YES;
				CLANG_WARN_OBJC_ROOT_CLASS = YES_ERROR;
				CLANG_WARN_QUOTED_INCLUDE_IN_FRAMEWORK_HEADER = YES;
				CLANG_WARN_RANGE_LOOP_ANALYSIS = YES;
				CLANG_WARN_STRICT_PROTOTYPES = YES;
				CLANG_WARN_SUSPICIOUS_MOVE = YES;
				CLANG_WARN_UNGUARDED_AVAILABILITY = YES_AGGRESSIVE;
				CLANG_WARN_UNREACHABLE_CODE = YES;
				CLANG_WARN__DUPLICATE_METHOD_MATCH = YES;
				COPY_PHASE_STRIP = NO;
				DEBUG_INFORMATION_FORMAT = "dwarf-with-dsym";
				ENABLE_NS_ASSERTIONS = NO;
				ENABLE_STRICT_OBJC_MSGSEND = YES;
				GCC_C_LANGUAGE_STANDARD = gnu11;
				GCC_NO_COMMON_BLOCKS = YES;
				GCC_WARN_64_TO_32_BIT_CONVERSION = YES;
				GCC_WARN_ABOUT_RETURN_TYPE = YES_ERROR;
				GCC_WARN_UNDECLARED_SELECTOR = YES;
				GCC_WARN_UNINITIALIZED_AUTOS = YES_AGGRESSIVE;
				GCC_WARN_UNUSED_FUNCTION = YES;
				GCC_WARN_UNUSED_VARIABLE = YES;
				IPHONEOS_DEPLOYMENT_TARGET = 15.0;
				MTL_ENABLE_DEBUG_INFO = NO;
				MTL_FAST_MATH = YES;
				SDKROOT = iphoneos;
				SWIFT_COMPILATION_MODE = wholemodule;
				SWIFT_OPTIMIZATION_LEVEL = "-O";
				VALIDATE_PRODUCT = YES;
			};
			name = Release;
		};
		E1C978F82A9B5A09003BDC4A /* Debug */ = {
			isa = XCBuildConfiguration;
			buildSettings = {
				ASSETCATALOG_COMPILER_APPICON_NAME = AppIcon;
				ASSETCATALOG_COMPILER_GLOBAL_ACCENT_COLOR_NAME = AccentColor;
				CODE_SIGN_STYLE = Automatic;
				CURRENT_PROJECT_VERSION = 1;
				DEVELOPMENT_TEAM = KYB528F2CP;
				GENERATE_INFOPLIST_FILE = YES;
				INFOPLIST_FILE = BestRecipesNo8/Info.plist;
				INFOPLIST_KEY_UIApplicationSupportsIndirectInputEvents = YES;
				INFOPLIST_KEY_UILaunchStoryboardName = LaunchScreen;
				INFOPLIST_KEY_UISupportedInterfaceOrientations = UIInterfaceOrientationPortrait;
				IPHONEOS_DEPLOYMENT_TARGET = 15.0;
				LD_RUNPATH_SEARCH_PATHS = (
					"$(inherited)",
					"@executable_path/Frameworks",
				);
				MARKETING_VERSION = 1.0;
				PRODUCT_BUNDLE_IDENTIFIER = keller.BestRecipesNo8;
				PRODUCT_NAME = "$(TARGET_NAME)";
				SUPPORTED_PLATFORMS = "iphoneos iphonesimulator";
				SUPPORTS_MACCATALYST = NO;
				SUPPORTS_MAC_DESIGNED_FOR_IPHONE_IPAD = NO;
				SWIFT_EMIT_LOC_STRINGS = YES;
				SWIFT_VERSION = 5.0;
				TARGETED_DEVICE_FAMILY = 1;
			};
			name = Debug;
		};
		E1C978F92A9B5A09003BDC4A /* Release */ = {
			isa = XCBuildConfiguration;
			buildSettings = {
				ASSETCATALOG_COMPILER_APPICON_NAME = AppIcon;
				ASSETCATALOG_COMPILER_GLOBAL_ACCENT_COLOR_NAME = AccentColor;
				CODE_SIGN_STYLE = Automatic;
				CURRENT_PROJECT_VERSION = 1;
				DEVELOPMENT_TEAM = KYB528F2CP;
				GENERATE_INFOPLIST_FILE = YES;
				INFOPLIST_FILE = BestRecipesNo8/Info.plist;
				INFOPLIST_KEY_UIApplicationSupportsIndirectInputEvents = YES;
				INFOPLIST_KEY_UILaunchStoryboardName = LaunchScreen;
				INFOPLIST_KEY_UISupportedInterfaceOrientations = UIInterfaceOrientationPortrait;
				IPHONEOS_DEPLOYMENT_TARGET = 15.0;
				LD_RUNPATH_SEARCH_PATHS = (
					"$(inherited)",
					"@executable_path/Frameworks",
				);
				MARKETING_VERSION = 1.0;
				PRODUCT_BUNDLE_IDENTIFIER = keller.BestRecipesNo8;
				PRODUCT_NAME = "$(TARGET_NAME)";
				SUPPORTED_PLATFORMS = "iphoneos iphonesimulator";
				SUPPORTS_MACCATALYST = NO;
				SUPPORTS_MAC_DESIGNED_FOR_IPHONE_IPAD = NO;
				SWIFT_EMIT_LOC_STRINGS = YES;
				SWIFT_VERSION = 5.0;
				TARGETED_DEVICE_FAMILY = 1;
			};
			name = Release;
		};
/* End XCBuildConfiguration section */

/* Begin XCConfigurationList section */
		E1C978DE2A9B5A09003BDC4A /* Build configuration list for PBXProject "BestRecipesNo8" */ = {
			isa = XCConfigurationList;
			buildConfigurations = (
				E1C978F52A9B5A09003BDC4A /* Debug */,
				E1C978F62A9B5A09003BDC4A /* Release */,
			);
			defaultConfigurationIsVisible = 0;
			defaultConfigurationName = Release;
		};
		E1C978F72A9B5A09003BDC4A /* Build configuration list for PBXNativeTarget "BestRecipesNo8" */ = {
			isa = XCConfigurationList;
			buildConfigurations = (
				E1C978F82A9B5A09003BDC4A /* Debug */,
				E1C978F92A9B5A09003BDC4A /* Release */,
			);
			defaultConfigurationIsVisible = 0;
			defaultConfigurationName = Release;
		};
/* End XCConfigurationList section */

/* Begin XCRemoteSwiftPackageReference section */
		E1C978FD2A9B7274003BDC4A /* XCRemoteSwiftPackageReference "SnapKit" */ = {
			isa = XCRemoteSwiftPackageReference;
			repositoryURL = "https://github.com/SnapKit/SnapKit";
			requirement = {
				kind = upToNextMajorVersion;
				minimumVersion = 5.0.0;
			};
		};
		E1C979052A9B83CC003BDC4A /* XCRemoteSwiftPackageReference "Kingfisher" */ = {
			isa = XCRemoteSwiftPackageReference;
			repositoryURL = "https://github.com/onevcat/Kingfisher";
			requirement = {
				kind = upToNextMajorVersion;
				minimumVersion = 7.0.0;
			};
		};
/* End XCRemoteSwiftPackageReference section */

/* Begin XCSwiftPackageProductDependency section */
		E1C978FE2A9B7274003BDC4A /* SnapKit */ = {
			isa = XCSwiftPackageProductDependency;
			package = E1C978FD2A9B7274003BDC4A /* XCRemoteSwiftPackageReference "SnapKit" */;
			productName = SnapKit;
		};
		E1C979062A9B83CC003BDC4A /* Kingfisher */ = {
			isa = XCSwiftPackageProductDependency;
			package = E1C979052A9B83CC003BDC4A /* XCRemoteSwiftPackageReference "Kingfisher" */;
			productName = Kingfisher;
		};
/* End XCSwiftPackageProductDependency section */
	};
	rootObject = E1C978DB2A9B5A09003BDC4A /* Project object */;
}
